// !$*UTF8*$!
{
	archiveVersion = 1;
	classes = {
	};
	objectVersion = 46;
	objects = {

/* Begin PBXBuildFile section */
		3CE30B0FF727B97DA64F0F96 /* libPods-MyDemoUITests.a in Frameworks */ = {isa = PBXBuildFile; fileRef = 7F9919D8F2DB5359D7AEB581 /* libPods-MyDemoUITests.a */; };
		A49BDBA029B3C2AD3D499855 /* libPods-MyDemo.a in Frameworks */ = {isa = PBXBuildFile; fileRef = 3541B7D22F13C02786470CDB /* libPods-MyDemo.a */; };
		F41073B91F4FFFA9005BD980 /* UIColor+Additions.m in Sources */ = {isa = PBXBuildFile; fileRef = F41073B41F4FFFA9005BD980 /* UIColor+Additions.m */; };
		F41073BA1F4FFFA9005BD980 /* UIView+Additions.m in Sources */ = {isa = PBXBuildFile; fileRef = F41073B61F4FFFA9005BD980 /* UIView+Additions.m */; };
		F41073BB1F4FFFA9005BD980 /* UIView+FrameAdditions.m in Sources */ = {isa = PBXBuildFile; fileRef = F41073B81F4FFFA9005BD980 /* UIView+FrameAdditions.m */; };
		F41073BE1F4FFFCF005BD980 /* NSArray+Additions.m in Sources */ = {isa = PBXBuildFile; fileRef = F41073BD1F4FFFCF005BD980 /* NSArray+Additions.m */; };
		F41073C11F500086005BD980 /* NSObject+Additions.m in Sources */ = {isa = PBXBuildFile; fileRef = F41073C01F500086005BD980 /* NSObject+Additions.m */; };
		F41073C41F50047B005BD980 /* NSAttributedString+Additions.m in Sources */ = {isa = PBXBuildFile; fileRef = F41073C31F50047B005BD980 /* NSAttributedString+Additions.m */; };
		F41073C71F500A3F005BD980 /* UIViewController+AddChildVC.m in Sources */ = {isa = PBXBuildFile; fileRef = F41073C61F500A3F005BD980 /* UIViewController+AddChildVC.m */; };
		F41073CA1F502786005BD980 /* UIButton+Additions.m in Sources */ = {isa = PBXBuildFile; fileRef = F41073C91F502786005BD980 /* UIButton+Additions.m */; };
		F41073CD1F502F83005BD980 /* UILabel+Additions.m in Sources */ = {isa = PBXBuildFile; fileRef = F41073CC1F502F83005BD980 /* UILabel+Additions.m */; };
		F417DD811FFB2F2F006162EE /* CWStarRateView.m in Sources */ = {isa = PBXBuildFile; fileRef = F417DD801FFB2F2F006162EE /* CWStarRateView.m */; };
		F42444721F189F1F00F59E21 /* HomeViewController.m in Sources */ = {isa = PBXBuildFile; fileRef = F42444711F189F1F00F59E21 /* HomeViewController.m */; };
		F42473D21F58F4D5009D0EBE /* BaseNetManger.m in Sources */ = {isa = PBXBuildFile; fileRef = F42473D11F58F4D5009D0EBE /* BaseNetManger.m */; };
		F42473D51F59020A009D0EBE /* DemoVCMager.m in Sources */ = {isa = PBXBuildFile; fileRef = F42473D41F59020A009D0EBE /* DemoVCMager.m */; };
		F430CB331F55354F0097AEB2 /* DemoVC3.m in Sources */ = {isa = PBXBuildFile; fileRef = F430CB321F55354F0097AEB2 /* DemoVC3.m */; };
		F430EA111F51198C003873DD /* UITableView+Additions.m in Sources */ = {isa = PBXBuildFile; fileRef = F430EA101F51198C003873DD /* UITableView+Additions.m */; };
		F431B9E71FEDFBF9003EDF8C /* ViewController.m in Sources */ = {isa = PBXBuildFile; fileRef = F431B9E61FEDFBF9003EDF8C /* ViewController.m */; };
		F4414CD21F3AE0DF00AF3A07 /* HomeView.m in Sources */ = {isa = PBXBuildFile; fileRef = F4414CD11F3AE0DF00AF3A07 /* HomeView.m */; };
		F442E8751F15AD3200FDEEEF /* main.m in Sources */ = {isa = PBXBuildFile; fileRef = F442E8741F15AD3200FDEEEF /* main.m */; };
		F442E8781F15AD3200FDEEEF /* AppDelegate.m in Sources */ = {isa = PBXBuildFile; fileRef = F442E8771F15AD3200FDEEEF /* AppDelegate.m */; };
		F442E8801F15AD3200FDEEEF /* Assets.xcassets in Resources */ = {isa = PBXBuildFile; fileRef = F442E87F1F15AD3200FDEEEF /* Assets.xcassets */; };
		F442E8831F15AD3200FDEEEF /* LaunchScreen.storyboard in Resources */ = {isa = PBXBuildFile; fileRef = F442E8811F15AD3200FDEEEF /* LaunchScreen.storyboard */; };
		F442E88E1F15AD3200FDEEEF /* MyDemoUITests.m in Sources */ = {isa = PBXBuildFile; fileRef = F442E88D1F15AD3200FDEEEF /* MyDemoUITests.m */; };
		F456E20B1F1745F200044F5C /* MainTabBarController.m in Sources */ = {isa = PBXBuildFile; fileRef = F456E20A1F1745F200044F5C /* MainTabBarController.m */; };
		F46F7A811FC2A000009C951D /* 樱花树3.jpg in Resources */ = {isa = PBXBuildFile; fileRef = F46F7A801FC29FFF009C951D /* 樱花树3.jpg */; };
		F46F7A871FC2A17A009C951D /* DemoVC4.m in Sources */ = {isa = PBXBuildFile; fileRef = F46F7A861FC2A17A009C951D /* DemoVC4.m */; };
		F47275581F53F97C0069322F /* DemoVC2.m in Sources */ = {isa = PBXBuildFile; fileRef = F47275571F53F97C0069322F /* DemoVC2.m */; };
		F472756E1F53FA330069322F /* NBBSingleContentShowViewCell.m in Sources */ = {isa = PBXBuildFile; fileRef = F472755B1F53FA330069322F /* NBBSingleContentShowViewCell.m */; };
		F472756F1F53FA330069322F /* NBBSingleContentShowViewLayout.m in Sources */ = {isa = PBXBuildFile; fileRef = F472755D1F53FA330069322F /* NBBSingleContentShowViewLayout.m */; };
		F47275701F53FA330069322F /* NBBSingleProductCell.m in Sources */ = {isa = PBXBuildFile; fileRef = F472755F1F53FA330069322F /* NBBSingleProductCell.m */; };
		F47275711F53FA330069322F /* DemoVC1.m in Sources */ = {isa = PBXBuildFile; fileRef = F47275621F53FA330069322F /* DemoVC1.m */; };
		F47275721F53FA330069322F /* ContentShowView.m in Sources */ = {isa = PBXBuildFile; fileRef = F47275661F53FA330069322F /* ContentShowView.m */; };
		F47275731F53FA330069322F /* NBBActionControl.m in Sources */ = {isa = PBXBuildFile; fileRef = F47275681F53FA330069322F /* NBBActionControl.m */; };
		F47275741F53FA330069322F /* NBBHomeHeadSectionView.m in Sources */ = {isa = PBXBuildFile; fileRef = F472756A1F53FA330069322F /* NBBHomeHeadSectionView.m */; };
		F47275751F53FA330069322F /* NBBSingleContentShowView.m in Sources */ = {isa = PBXBuildFile; fileRef = F472756C1F53FA330069322F /* NBBSingleContentShowView.m */; };
		F47791E81FFC6C54002E24D4 /* HNInFoHeadView.m in Sources */ = {isa = PBXBuildFile; fileRef = F47791DD1FFC6C54002E24D4 /* HNInFoHeadView.m */; };
		F47791E91FFC6C54002E24D4 /* NHInFoViewController.m in Sources */ = {isa = PBXBuildFile; fileRef = F47791DF1FFC6C54002E24D4 /* NHInFoViewController.m */; };
		F47791EA1FFC6C54002E24D4 /* NHLeftTableViewCell.m in Sources */ = {isa = PBXBuildFile; fileRef = F47791E11FFC6C54002E24D4 /* NHLeftTableViewCell.m */; };
		F47791EB1FFC6C54002E24D4 /* NHRightTableViewCell.m in Sources */ = {isa = PBXBuildFile; fileRef = F47791E31FFC6C54002E24D4 /* NHRightTableViewCell.m */; };
		F47791EC1FFC6C54002E24D4 /* SSSearchBar.m in Sources */ = {isa = PBXBuildFile; fileRef = F47791E51FFC6C54002E24D4 /* SSSearchBar.m */; };
		F47791ED1FFC6C54002E24D4 /* UIImage+Tool.m in Sources */ = {isa = PBXBuildFile; fileRef = F47791E71FFC6C54002E24D4 /* UIImage+Tool.m */; };
		F478574D1F5F8DA200D05F34 /* BaseModel.m in Sources */ = {isa = PBXBuildFile; fileRef = F478574C1F5F8DA200D05F34 /* BaseModel.m */; };
		F47857501F5F8F6700D05F34 /* DemoVCModel.m in Sources */ = {isa = PBXBuildFile; fileRef = F478574F1F5F8F6700D05F34 /* DemoVCModel.m */; };
		F47FB78D1F56B51600D1C350 /* FilterView.m in Sources */ = {isa = PBXBuildFile; fileRef = F47FB78C1F56B51600D1C350 /* FilterView.m */; };
		F47FB7901F56BD3900D1C350 /* ListView.m in Sources */ = {isa = PBXBuildFile; fileRef = F47FB78F1F56BD3900D1C350 /* ListView.m */; };
		F4B36BC11FFDD4B40053DEEF /* RurakThemeTableViewCell.m in Sources */ = {isa = PBXBuildFile; fileRef = F4B36BB41FFDD4B30053DEEF /* RurakThemeTableViewCell.m */; };
		F4B36BC21FFDD4B40053DEEF /* RuralAllViewController.m in Sources */ = {isa = PBXBuildFile; fileRef = F4B36BB61FFDD4B30053DEEF /* RuralAllViewController.m */; };
		F4B36BC31FFDD4B40053DEEF /* RuralCategoryView.m in Sources */ = {isa = PBXBuildFile; fileRef = F4B36BB81FFDD4B30053DEEF /* RuralCategoryView.m */; };
		F4B36BC41FFDD4B40053DEEF /* RuralSearchViewController.m in Sources */ = {isa = PBXBuildFile; fileRef = F4B36BBA1FFDD4B30053DEEF /* RuralSearchViewController.m */; };
		F4B36BC51FFDD4B40053DEEF /* RuralThemeViewController.m in Sources */ = {isa = PBXBuildFile; fileRef = F4B36BBC1FFDD4B30053DEEF /* RuralThemeViewController.m */; };
		F4B36BC61FFDD4B40053DEEF /* RuralTourismViewController.m in Sources */ = {isa = PBXBuildFile; fileRef = F4B36BBE1FFDD4B30053DEEF /* RuralTourismViewController.m */; };
		F4B36BC71FFDD4B40053DEEF /* TagView.m in Sources */ = {isa = PBXBuildFile; fileRef = F4B36BC01FFDD4B30053DEEF /* TagView.m */; };
		F4B36BD61FFDD5C40053DEEF /* BAActionSheet.m in Sources */ = {isa = PBXBuildFile; fileRef = F4B36BCA1FFDD5C40053DEEF /* BAActionSheet.m */; };
		F4B36BD71FFDD5C40053DEEF /* BAActionSheetCell.m in Sources */ = {isa = PBXBuildFile; fileRef = F4B36BCC1FFDD5C40053DEEF /* BAActionSheetCell.m */; };
		F4B36BD81FFDD5C40053DEEF /* BAAlert.bundle in Resources */ = {isa = PBXBuildFile; fileRef = F4B36BCD1FFDD5C40053DEEF /* BAAlert.bundle */; };
		F4B36BD91FFDD5C40053DEEF /* BAAlert.m in Sources */ = {isa = PBXBuildFile; fileRef = F4B36BCF1FFDD5C40053DEEF /* BAAlert.m */; };
		F4B36BDA1FFDD5C40053DEEF /* UIView+BAAnimation.m in Sources */ = {isa = PBXBuildFile; fileRef = F4B36BD51FFDD5C40053DEEF /* UIView+BAAnimation.m */; };
		F4B36BF11FFDD6630053DEEF /* EmptyView.m in Sources */ = {isa = PBXBuildFile; fileRef = F4B36BDD1FFDD6630053DEEF /* EmptyView.m */; };
		F4B36BF21FFDD6630053DEEF /* Main.storyboard in Resources */ = {isa = PBXBuildFile; fileRef = F4B36BDE1FFDD6630053DEEF /* Main.storyboard */; };
		F4B36BF31FFDD6630053DEEF /* MembersFilmViewController.m in Sources */ = {isa = PBXBuildFile; fileRef = F4B36BE01FFDD6630053DEEF /* MembersFilmViewController.m */; };
		F4B36BF41FFDD6630053DEEF /* SegmentViewController.m in Sources */ = {isa = PBXBuildFile; fileRef = F4B36BE21FFDD6630053DEEF /* SegmentViewController.m */; };
		F4B36BF51FFDD6630053DEEF /* VideoPurchaseViewController.m in Sources */ = {isa = PBXBuildFile; fileRef = F4B36BE41FFDD6630053DEEF /* VideoPurchaseViewController.m */; };
		F4B36BF61FFDD6630053DEEF /* WCLRecordProgressView.m in Sources */ = {isa = PBXBuildFile; fileRef = F4B36BE71FFDD6630053DEEF /* WCLRecordProgressView.m */; };
		F4B36BF71FFDD6630053DEEF /* WCLRecordEncoder.m in Sources */ = {isa = PBXBuildFile; fileRef = F4B36BEB1FFDD6630053DEEF /* WCLRecordEncoder.m */; };
		F4B36BF81FFDD6630053DEEF /* WCLRecordEngine.m in Sources */ = {isa = PBXBuildFile; fileRef = F4B36BEE1FFDD6630053DEEF /* WCLRecordEngine.m */; };
		F4B36BF91FFDD6630053DEEF /* WCLRecordVideoVC.m in Sources */ = {isa = PBXBuildFile; fileRef = F4B36BF01FFDD6630053DEEF /* WCLRecordVideoVC.m */; };
		F4D5ABF61F344D5A00534637 /* HomeTableViewCell.m in Sources */ = {isa = PBXBuildFile; fileRef = F4D5ABF51F344D5A00534637 /* HomeTableViewCell.m */; };
		F4D5ABF91F34554900534637 /* HomeModel.m in Sources */ = {isa = PBXBuildFile; fileRef = F4D5ABF81F34554900534637 /* HomeModel.m */; };
		F4EB0FED1F5CF10F00146FD1 /* NBBIndicator.m in Sources */ = {isa = PBXBuildFile; fileRef = F4EB0FEC1F5CF10F00146FD1 /* NBBIndicator.m */; };
		F4F791691F57B5F200D82F84 /* ListViewCell.m in Sources */ = {isa = PBXBuildFile; fileRef = F4F791681F57B5F200D82F84 /* ListViewCell.m */; };
		F4F7916C1F57EEF900D82F84 /* RightController.m in Sources */ = {isa = PBXBuildFile; fileRef = F4F7916B1F57EEF900D82F84 /* RightController.m */; };
/* End PBXBuildFile section */

/* Begin PBXContainerItemProxy section */
		F442E88A1F15AD3200FDEEEF /* PBXContainerItemProxy */ = {
			isa = PBXContainerItemProxy;
			containerPortal = F442E8681F15AD3100FDEEEF /* Project object */;
			proxyType = 1;
			remoteGlobalIDString = F442E86F1F15AD3200FDEEEF;
			remoteInfo = MyDemo;
		};
/* End PBXContainerItemProxy section */

/* Begin PBXFileReference section */
		01FFB40D96A93C555F3F2B07 /* Pods-MyDemoUITests.debug.xcconfig */ = {isa = PBXFileReference; includeInIndex = 1; lastKnownFileType = text.xcconfig; name = "Pods-MyDemoUITests.debug.xcconfig"; path = "Pods/Target Support Files/Pods-MyDemoUITests/Pods-MyDemoUITests.debug.xcconfig"; sourceTree = "<group>"; };
		106F02F5E6C702422AA4B906 /* Pods-MyDemo.release.xcconfig */ = {isa = PBXFileReference; includeInIndex = 1; lastKnownFileType = text.xcconfig; name = "Pods-MyDemo.release.xcconfig"; path = "Pods/Target Support Files/Pods-MyDemo/Pods-MyDemo.release.xcconfig"; sourceTree = "<group>"; };
		2B8714883850CFD732D5F28B /* Pods-MyDemoUITests.release.xcconfig */ = {isa = PBXFileReference; includeInIndex = 1; lastKnownFileType = text.xcconfig; name = "Pods-MyDemoUITests.release.xcconfig"; path = "Pods/Target Support Files/Pods-MyDemoUITests/Pods-MyDemoUITests.release.xcconfig"; sourceTree = "<group>"; };
		3541B7D22F13C02786470CDB /* libPods-MyDemo.a */ = {isa = PBXFileReference; explicitFileType = archive.ar; includeInIndex = 0; path = "libPods-MyDemo.a"; sourceTree = BUILT_PRODUCTS_DIR; };
		7F9919D8F2DB5359D7AEB581 /* libPods-MyDemoUITests.a */ = {isa = PBXFileReference; explicitFileType = archive.ar; includeInIndex = 0; path = "libPods-MyDemoUITests.a"; sourceTree = BUILT_PRODUCTS_DIR; };
		E54C38903093689B8568A7AC /* Pods-MyDemo.debug.xcconfig */ = {isa = PBXFileReference; includeInIndex = 1; lastKnownFileType = text.xcconfig; name = "Pods-MyDemo.debug.xcconfig"; path = "Pods/Target Support Files/Pods-MyDemo/Pods-MyDemo.debug.xcconfig"; sourceTree = "<group>"; };
		F41073B21F4FFFA9005BD980 /* Additions.h */ = {isa = PBXFileReference; fileEncoding = 4; lastKnownFileType = sourcecode.c.h; path = Additions.h; sourceTree = "<group>"; };
		F41073B31F4FFFA9005BD980 /* UIColor+Additions.h */ = {isa = PBXFileReference; fileEncoding = 4; lastKnownFileType = sourcecode.c.h; path = "UIColor+Additions.h"; sourceTree = "<group>"; };
		F41073B41F4FFFA9005BD980 /* UIColor+Additions.m */ = {isa = PBXFileReference; fileEncoding = 4; lastKnownFileType = sourcecode.c.objc; path = "UIColor+Additions.m"; sourceTree = "<group>"; };
		F41073B51F4FFFA9005BD980 /* UIView+Additions.h */ = {isa = PBXFileReference; fileEncoding = 4; lastKnownFileType = sourcecode.c.h; path = "UIView+Additions.h"; sourceTree = "<group>"; };
		F41073B61F4FFFA9005BD980 /* UIView+Additions.m */ = {isa = PBXFileReference; fileEncoding = 4; lastKnownFileType = sourcecode.c.objc; path = "UIView+Additions.m"; sourceTree = "<group>"; };
		F41073B71F4FFFA9005BD980 /* UIView+FrameAdditions.h */ = {isa = PBXFileReference; fileEncoding = 4; lastKnownFileType = sourcecode.c.h; path = "UIView+FrameAdditions.h"; sourceTree = "<group>"; };
		F41073B81F4FFFA9005BD980 /* UIView+FrameAdditions.m */ = {isa = PBXFileReference; fileEncoding = 4; lastKnownFileType = sourcecode.c.objc; path = "UIView+FrameAdditions.m"; sourceTree = "<group>"; };
		F41073BC1F4FFFCF005BD980 /* NSArray+Additions.h */ = {isa = PBXFileReference; fileEncoding = 4; lastKnownFileType = sourcecode.c.h; path = "NSArray+Additions.h"; sourceTree = "<group>"; };
		F41073BD1F4FFFCF005BD980 /* NSArray+Additions.m */ = {isa = PBXFileReference; fileEncoding = 4; lastKnownFileType = sourcecode.c.objc; path = "NSArray+Additions.m"; sourceTree = "<group>"; };
		F41073BF1F500086005BD980 /* NSObject+Additions.h */ = {isa = PBXFileReference; fileEncoding = 4; lastKnownFileType = sourcecode.c.h; path = "NSObject+Additions.h"; sourceTree = "<group>"; };
		F41073C01F500086005BD980 /* NSObject+Additions.m */ = {isa = PBXFileReference; fileEncoding = 4; lastKnownFileType = sourcecode.c.objc; path = "NSObject+Additions.m"; sourceTree = "<group>"; };
		F41073C21F50047B005BD980 /* NSAttributedString+Additions.h */ = {isa = PBXFileReference; fileEncoding = 4; lastKnownFileType = sourcecode.c.h; path = "NSAttributedString+Additions.h"; sourceTree = "<group>"; };
		F41073C31F50047B005BD980 /* NSAttributedString+Additions.m */ = {isa = PBXFileReference; fileEncoding = 4; lastKnownFileType = sourcecode.c.objc; path = "NSAttributedString+Additions.m"; sourceTree = "<group>"; };
		F41073C51F500A3F005BD980 /* UIViewController+AddChildVC.h */ = {isa = PBXFileReference; fileEncoding = 4; lastKnownFileType = sourcecode.c.h; path = "UIViewController+AddChildVC.h"; sourceTree = "<group>"; };
		F41073C61F500A3F005BD980 /* UIViewController+AddChildVC.m */ = {isa = PBXFileReference; fileEncoding = 4; lastKnownFileType = sourcecode.c.objc; path = "UIViewController+AddChildVC.m"; sourceTree = "<group>"; };
		F41073C81F502786005BD980 /* UIButton+Additions.h */ = {isa = PBXFileReference; fileEncoding = 4; lastKnownFileType = sourcecode.c.h; path = "UIButton+Additions.h"; sourceTree = "<group>"; };
		F41073C91F502786005BD980 /* UIButton+Additions.m */ = {isa = PBXFileReference; fileEncoding = 4; lastKnownFileType = sourcecode.c.objc; path = "UIButton+Additions.m"; sourceTree = "<group>"; };
		F41073CB1F502F83005BD980 /* UILabel+Additions.h */ = {isa = PBXFileReference; fileEncoding = 4; lastKnownFileType = sourcecode.c.h; path = "UILabel+Additions.h"; sourceTree = "<group>"; };
		F41073CC1F502F83005BD980 /* UILabel+Additions.m */ = {isa = PBXFileReference; fileEncoding = 4; lastKnownFileType = sourcecode.c.objc; path = "UILabel+Additions.m"; sourceTree = "<group>"; };
		F417DD7F1FFB2F2F006162EE /* CWStarRateView.h */ = {isa = PBXFileReference; fileEncoding = 4; lastKnownFileType = sourcecode.c.h; path = CWStarRateView.h; sourceTree = "<group>"; };
		F417DD801FFB2F2F006162EE /* CWStarRateView.m */ = {isa = PBXFileReference; fileEncoding = 4; lastKnownFileType = sourcecode.c.objc; path = CWStarRateView.m; sourceTree = "<group>"; };
		F42444701F189F1F00F59E21 /* HomeViewController.h */ = {isa = PBXFileReference; fileEncoding = 4; lastKnownFileType = sourcecode.c.h; path = HomeViewController.h; sourceTree = "<group>"; };
		F42444711F189F1F00F59E21 /* HomeViewController.m */ = {isa = PBXFileReference; fileEncoding = 4; lastKnownFileType = sourcecode.c.objc; path = HomeViewController.m; sourceTree = "<group>"; };
		F42473D01F58F4D5009D0EBE /* BaseNetManger.h */ = {isa = PBXFileReference; fileEncoding = 4; lastKnownFileType = sourcecode.c.h; path = BaseNetManger.h; sourceTree = "<group>"; };
		F42473D11F58F4D5009D0EBE /* BaseNetManger.m */ = {isa = PBXFileReference; fileEncoding = 4; lastKnownFileType = sourcecode.c.objc; path = BaseNetManger.m; sourceTree = "<group>"; };
		F42473D31F59020A009D0EBE /* DemoVCMager.h */ = {isa = PBXFileReference; fileEncoding = 4; lastKnownFileType = sourcecode.c.h; path = DemoVCMager.h; sourceTree = "<group>"; };
		F42473D41F59020A009D0EBE /* DemoVCMager.m */ = {isa = PBXFileReference; fileEncoding = 4; lastKnownFileType = sourcecode.c.objc; path = DemoVCMager.m; sourceTree = "<group>"; };
		F430CB311F55354F0097AEB2 /* DemoVC3.h */ = {isa = PBXFileReference; fileEncoding = 4; lastKnownFileType = sourcecode.c.h; path = DemoVC3.h; sourceTree = "<group>"; };
		F430CB321F55354F0097AEB2 /* DemoVC3.m */ = {isa = PBXFileReference; fileEncoding = 4; lastKnownFileType = sourcecode.c.objc; path = DemoVC3.m; sourceTree = "<group>"; };
		F430EA0F1F51198C003873DD /* UITableView+Additions.h */ = {isa = PBXFileReference; fileEncoding = 4; lastKnownFileType = sourcecode.c.h; path = "UITableView+Additions.h"; sourceTree = "<group>"; };
		F430EA101F51198C003873DD /* UITableView+Additions.m */ = {isa = PBXFileReference; fileEncoding = 4; lastKnownFileType = sourcecode.c.objc; path = "UITableView+Additions.m"; sourceTree = "<group>"; };
		F431B9E51FEDFBF9003EDF8C /* ViewController.h */ = {isa = PBXFileReference; lastKnownFileType = sourcecode.c.h; path = ViewController.h; sourceTree = "<group>"; };
		F431B9E61FEDFBF9003EDF8C /* ViewController.m */ = {isa = PBXFileReference; lastKnownFileType = sourcecode.c.objc; path = ViewController.m; sourceTree = "<group>"; };
		F4414CD01F3AE0DF00AF3A07 /* HomeView.h */ = {isa = PBXFileReference; fileEncoding = 4; lastKnownFileType = sourcecode.c.h; name = HomeView.h; path = MyDemo/Classes/Home/View/HomeView.h; sourceTree = SOURCE_ROOT; };
		F4414CD11F3AE0DF00AF3A07 /* HomeView.m */ = {isa = PBXFileReference; fileEncoding = 4; lastKnownFileType = sourcecode.c.objc; name = HomeView.m; path = MyDemo/Classes/Home/View/HomeView.m; sourceTree = SOURCE_ROOT; };
		F442E8701F15AD3200FDEEEF /* MyDemo.app */ = {isa = PBXFileReference; explicitFileType = wrapper.application; includeInIndex = 0; path = MyDemo.app; sourceTree = BUILT_PRODUCTS_DIR; };
		F442E8741F15AD3200FDEEEF /* main.m */ = {isa = PBXFileReference; lastKnownFileType = sourcecode.c.objc; path = main.m; sourceTree = "<group>"; };
		F442E8761F15AD3200FDEEEF /* AppDelegate.h */ = {isa = PBXFileReference; lastKnownFileType = sourcecode.c.h; path = AppDelegate.h; sourceTree = "<group>"; };
		F442E8771F15AD3200FDEEEF /* AppDelegate.m */ = {isa = PBXFileReference; lastKnownFileType = sourcecode.c.objc; path = AppDelegate.m; sourceTree = "<group>"; };
		F442E87F1F15AD3200FDEEEF /* Assets.xcassets */ = {isa = PBXFileReference; lastKnownFileType = folder.assetcatalog; path = Assets.xcassets; sourceTree = "<group>"; };
		F442E8821F15AD3200FDEEEF /* Base */ = {isa = PBXFileReference; lastKnownFileType = file.storyboard; name = Base; path = Base.lproj/LaunchScreen.storyboard; sourceTree = "<group>"; };
		F442E8841F15AD3200FDEEEF /* Info.plist */ = {isa = PBXFileReference; lastKnownFileType = text.plist.xml; path = Info.plist; sourceTree = "<group>"; };
		F442E8891F15AD3200FDEEEF /* MyDemoUITests.xctest */ = {isa = PBXFileReference; explicitFileType = wrapper.cfbundle; includeInIndex = 0; path = MyDemoUITests.xctest; sourceTree = BUILT_PRODUCTS_DIR; };
		F442E88D1F15AD3200FDEEEF /* MyDemoUITests.m */ = {isa = PBXFileReference; lastKnownFileType = sourcecode.c.objc; path = MyDemoUITests.m; sourceTree = "<group>"; };
		F442E88F1F15AD3200FDEEEF /* Info.plist */ = {isa = PBXFileReference; lastKnownFileType = text.plist.xml; path = Info.plist; sourceTree = "<group>"; };
		F456E2091F1745F200044F5C /* MainTabBarController.h */ = {isa = PBXFileReference; fileEncoding = 4; lastKnownFileType = sourcecode.c.h; path = MainTabBarController.h; sourceTree = "<group>"; };
		F456E20A1F1745F200044F5C /* MainTabBarController.m */ = {isa = PBXFileReference; fileEncoding = 4; lastKnownFileType = sourcecode.c.objc; path = MainTabBarController.m; sourceTree = "<group>"; };
		F46F7A801FC29FFF009C951D /* 樱花树3.jpg */ = {isa = PBXFileReference; lastKnownFileType = image.jpeg; path = "樱花树3.jpg"; sourceTree = "<group>"; };
		F46F7A851FC2A17A009C951D /* DemoVC4.h */ = {isa = PBXFileReference; lastKnownFileType = sourcecode.c.h; path = DemoVC4.h; sourceTree = "<group>"; };
		F46F7A861FC2A17A009C951D /* DemoVC4.m */ = {isa = PBXFileReference; lastKnownFileType = sourcecode.c.objc; path = DemoVC4.m; sourceTree = "<group>"; };
		F47275561F53F97C0069322F /* DemoVC2.h */ = {isa = PBXFileReference; fileEncoding = 4; lastKnownFileType = sourcecode.c.h; path = DemoVC2.h; sourceTree = "<group>"; };
		F47275571F53F97C0069322F /* DemoVC2.m */ = {isa = PBXFileReference; fileEncoding = 4; lastKnownFileType = sourcecode.c.objc; path = DemoVC2.m; sourceTree = "<group>"; };
		F472755A1F53FA330069322F /* NBBSingleContentShowViewCell.h */ = {isa = PBXFileReference; fileEncoding = 4; lastKnownFileType = sourcecode.c.h; path = NBBSingleContentShowViewCell.h; sourceTree = "<group>"; };
		F472755B1F53FA330069322F /* NBBSingleContentShowViewCell.m */ = {isa = PBXFileReference; fileEncoding = 4; lastKnownFileType = sourcecode.c.objc; path = NBBSingleContentShowViewCell.m; sourceTree = "<group>"; };
		F472755C1F53FA330069322F /* NBBSingleContentShowViewLayout.h */ = {isa = PBXFileReference; fileEncoding = 4; lastKnownFileType = sourcecode.c.h; path = NBBSingleContentShowViewLayout.h; sourceTree = "<group>"; };
		F472755D1F53FA330069322F /* NBBSingleContentShowViewLayout.m */ = {isa = PBXFileReference; fileEncoding = 4; lastKnownFileType = sourcecode.c.objc; path = NBBSingleContentShowViewLayout.m; sourceTree = "<group>"; };
		F472755E1F53FA330069322F /* NBBSingleProductCell.h */ = {isa = PBXFileReference; fileEncoding = 4; lastKnownFileType = sourcecode.c.h; path = NBBSingleProductCell.h; sourceTree = "<group>"; };
		F472755F1F53FA330069322F /* NBBSingleProductCell.m */ = {isa = PBXFileReference; fileEncoding = 4; lastKnownFileType = sourcecode.c.objc; path = NBBSingleProductCell.m; sourceTree = "<group>"; };
		F47275611F53FA330069322F /* DemoVC1.h */ = {isa = PBXFileReference; fileEncoding = 4; lastKnownFileType = sourcecode.c.h; path = DemoVC1.h; sourceTree = "<group>"; };
		F47275621F53FA330069322F /* DemoVC1.m */ = {isa = PBXFileReference; fileEncoding = 4; lastKnownFileType = sourcecode.c.objc; path = DemoVC1.m; sourceTree = "<group>"; };
		F47275651F53FA330069322F /* ContentShowView.h */ = {isa = PBXFileReference; fileEncoding = 4; lastKnownFileType = sourcecode.c.h; path = ContentShowView.h; sourceTree = "<group>"; };
		F47275661F53FA330069322F /* ContentShowView.m */ = {isa = PBXFileReference; fileEncoding = 4; lastKnownFileType = sourcecode.c.objc; path = ContentShowView.m; sourceTree = "<group>"; };
		F47275671F53FA330069322F /* NBBActionControl.h */ = {isa = PBXFileReference; fileEncoding = 4; lastKnownFileType = sourcecode.c.h; path = NBBActionControl.h; sourceTree = "<group>"; };
		F47275681F53FA330069322F /* NBBActionControl.m */ = {isa = PBXFileReference; fileEncoding = 4; lastKnownFileType = sourcecode.c.objc; path = NBBActionControl.m; sourceTree = "<group>"; };
		F47275691F53FA330069322F /* NBBHomeHeadSectionView.h */ = {isa = PBXFileReference; fileEncoding = 4; lastKnownFileType = sourcecode.c.h; path = NBBHomeHeadSectionView.h; sourceTree = "<group>"; };
		F472756A1F53FA330069322F /* NBBHomeHeadSectionView.m */ = {isa = PBXFileReference; fileEncoding = 4; lastKnownFileType = sourcecode.c.objc; path = NBBHomeHeadSectionView.m; sourceTree = "<group>"; };
		F472756B1F53FA330069322F /* NBBSingleContentShowView.h */ = {isa = PBXFileReference; fileEncoding = 4; lastKnownFileType = sourcecode.c.h; path = NBBSingleContentShowView.h; sourceTree = "<group>"; };
		F472756C1F53FA330069322F /* NBBSingleContentShowView.m */ = {isa = PBXFileReference; fileEncoding = 4; lastKnownFileType = sourcecode.c.objc; path = NBBSingleContentShowView.m; sourceTree = "<group>"; };
		F47791DC1FFC6C54002E24D4 /* HNInFoHeadView.h */ = {isa = PBXFileReference; fileEncoding = 4; lastKnownFileType = sourcecode.c.h; path = HNInFoHeadView.h; sourceTree = "<group>"; };
		F47791DD1FFC6C54002E24D4 /* HNInFoHeadView.m */ = {isa = PBXFileReference; fileEncoding = 4; lastKnownFileType = sourcecode.c.objc; path = HNInFoHeadView.m; sourceTree = "<group>"; };
		F47791DE1FFC6C54002E24D4 /* NHInFoViewController.h */ = {isa = PBXFileReference; fileEncoding = 4; lastKnownFileType = sourcecode.c.h; path = NHInFoViewController.h; sourceTree = "<group>"; };
		F47791DF1FFC6C54002E24D4 /* NHInFoViewController.m */ = {isa = PBXFileReference; fileEncoding = 4; lastKnownFileType = sourcecode.c.objc; path = NHInFoViewController.m; sourceTree = "<group>"; };
		F47791E01FFC6C54002E24D4 /* NHLeftTableViewCell.h */ = {isa = PBXFileReference; fileEncoding = 4; lastKnownFileType = sourcecode.c.h; path = NHLeftTableViewCell.h; sourceTree = "<group>"; };
		F47791E11FFC6C54002E24D4 /* NHLeftTableViewCell.m */ = {isa = PBXFileReference; fileEncoding = 4; lastKnownFileType = sourcecode.c.objc; path = NHLeftTableViewCell.m; sourceTree = "<group>"; };
		F47791E21FFC6C54002E24D4 /* NHRightTableViewCell.h */ = {isa = PBXFileReference; fileEncoding = 4; lastKnownFileType = sourcecode.c.h; path = NHRightTableViewCell.h; sourceTree = "<group>"; };
		F47791E31FFC6C54002E24D4 /* NHRightTableViewCell.m */ = {isa = PBXFileReference; fileEncoding = 4; lastKnownFileType = sourcecode.c.objc; path = NHRightTableViewCell.m; sourceTree = "<group>"; };
		F47791E41FFC6C54002E24D4 /* SSSearchBar.h */ = {isa = PBXFileReference; fileEncoding = 4; lastKnownFileType = sourcecode.c.h; path = SSSearchBar.h; sourceTree = "<group>"; };
		F47791E51FFC6C54002E24D4 /* SSSearchBar.m */ = {isa = PBXFileReference; fileEncoding = 4; lastKnownFileType = sourcecode.c.objc; path = SSSearchBar.m; sourceTree = "<group>"; };
		F47791E61FFC6C54002E24D4 /* UIImage+Tool.h */ = {isa = PBXFileReference; fileEncoding = 4; lastKnownFileType = sourcecode.c.h; path = "UIImage+Tool.h"; sourceTree = "<group>"; };
		F47791E71FFC6C54002E24D4 /* UIImage+Tool.m */ = {isa = PBXFileReference; fileEncoding = 4; lastKnownFileType = sourcecode.c.objc; path = "UIImage+Tool.m"; sourceTree = "<group>"; };
		F478574B1F5F8DA200D05F34 /* BaseModel.h */ = {isa = PBXFileReference; fileEncoding = 4; lastKnownFileType = sourcecode.c.h; path = BaseModel.h; sourceTree = "<group>"; };
		F478574C1F5F8DA200D05F34 /* BaseModel.m */ = {isa = PBXFileReference; fileEncoding = 4; lastKnownFileType = sourcecode.c.objc; path = BaseModel.m; sourceTree = "<group>"; };
		F478574E1F5F8F6700D05F34 /* DemoVCModel.h */ = {isa = PBXFileReference; fileEncoding = 4; lastKnownFileType = sourcecode.c.h; path = DemoVCModel.h; sourceTree = "<group>"; };
		F478574F1F5F8F6700D05F34 /* DemoVCModel.m */ = {isa = PBXFileReference; fileEncoding = 4; lastKnownFileType = sourcecode.c.objc; path = DemoVCModel.m; sourceTree = "<group>"; };
		F47FB78B1F56B51600D1C350 /* FilterView.h */ = {isa = PBXFileReference; fileEncoding = 4; lastKnownFileType = sourcecode.c.h; path = FilterView.h; sourceTree = "<group>"; };
		F47FB78C1F56B51600D1C350 /* FilterView.m */ = {isa = PBXFileReference; fileEncoding = 4; lastKnownFileType = sourcecode.c.objc; path = FilterView.m; sourceTree = "<group>"; };
		F47FB78E1F56BD3900D1C350 /* ListView.h */ = {isa = PBXFileReference; fileEncoding = 4; lastKnownFileType = sourcecode.c.h; path = ListView.h; sourceTree = "<group>"; };
		F47FB78F1F56BD3900D1C350 /* ListView.m */ = {isa = PBXFileReference; fileEncoding = 4; lastKnownFileType = sourcecode.c.objc; path = ListView.m; sourceTree = "<group>"; };
		F4B36BB31FFDD4B30053DEEF /* RurakThemeTableViewCell.h */ = {isa = PBXFileReference; fileEncoding = 4; lastKnownFileType = sourcecode.c.h; path = RurakThemeTableViewCell.h; sourceTree = "<group>"; };
		F4B36BB41FFDD4B30053DEEF /* RurakThemeTableViewCell.m */ = {isa = PBXFileReference; fileEncoding = 4; lastKnownFileType = sourcecode.c.objc; path = RurakThemeTableViewCell.m; sourceTree = "<group>"; };
		F4B36BB51FFDD4B30053DEEF /* RuralAllViewController.h */ = {isa = PBXFileReference; fileEncoding = 4; lastKnownFileType = sourcecode.c.h; path = RuralAllViewController.h; sourceTree = "<group>"; };
		F4B36BB61FFDD4B30053DEEF /* RuralAllViewController.m */ = {isa = PBXFileReference; fileEncoding = 4; lastKnownFileType = sourcecode.c.objc; path = RuralAllViewController.m; sourceTree = "<group>"; };
		F4B36BB71FFDD4B30053DEEF /* RuralCategoryView.h */ = {isa = PBXFileReference; fileEncoding = 4; lastKnownFileType = sourcecode.c.h; path = RuralCategoryView.h; sourceTree = "<group>"; };
		F4B36BB81FFDD4B30053DEEF /* RuralCategoryView.m */ = {isa = PBXFileReference; fileEncoding = 4; lastKnownFileType = sourcecode.c.objc; path = RuralCategoryView.m; sourceTree = "<group>"; };
		F4B36BB91FFDD4B30053DEEF /* RuralSearchViewController.h */ = {isa = PBXFileReference; fileEncoding = 4; lastKnownFileType = sourcecode.c.h; path = RuralSearchViewController.h; sourceTree = "<group>"; };
		F4B36BBA1FFDD4B30053DEEF /* RuralSearchViewController.m */ = {isa = PBXFileReference; fileEncoding = 4; lastKnownFileType = sourcecode.c.objc; path = RuralSearchViewController.m; sourceTree = "<group>"; };
		F4B36BBB1FFDD4B30053DEEF /* RuralThemeViewController.h */ = {isa = PBXFileReference; fileEncoding = 4; lastKnownFileType = sourcecode.c.h; path = RuralThemeViewController.h; sourceTree = "<group>"; };
		F4B36BBC1FFDD4B30053DEEF /* RuralThemeViewController.m */ = {isa = PBXFileReference; fileEncoding = 4; lastKnownFileType = sourcecode.c.objc; path = RuralThemeViewController.m; sourceTree = "<group>"; };
		F4B36BBD1FFDD4B30053DEEF /* RuralTourismViewController.h */ = {isa = PBXFileReference; fileEncoding = 4; lastKnownFileType = sourcecode.c.h; path = RuralTourismViewController.h; sourceTree = "<group>"; };
		F4B36BBE1FFDD4B30053DEEF /* RuralTourismViewController.m */ = {isa = PBXFileReference; fileEncoding = 4; lastKnownFileType = sourcecode.c.objc; path = RuralTourismViewController.m; sourceTree = "<group>"; };
		F4B36BBF1FFDD4B30053DEEF /* TagView.h */ = {isa = PBXFileReference; fileEncoding = 4; lastKnownFileType = sourcecode.c.h; path = TagView.h; sourceTree = "<group>"; };
		F4B36BC01FFDD4B30053DEEF /* TagView.m */ = {isa = PBXFileReference; fileEncoding = 4; lastKnownFileType = sourcecode.c.objc; path = TagView.m; sourceTree = "<group>"; };
		F4B36BC91FFDD5C40053DEEF /* BAActionSheet.h */ = {isa = PBXFileReference; fileEncoding = 4; lastKnownFileType = sourcecode.c.h; path = BAActionSheet.h; sourceTree = "<group>"; };
		F4B36BCA1FFDD5C40053DEEF /* BAActionSheet.m */ = {isa = PBXFileReference; fileEncoding = 4; lastKnownFileType = sourcecode.c.objc; path = BAActionSheet.m; sourceTree = "<group>"; };
		F4B36BCB1FFDD5C40053DEEF /* BAActionSheetCell.h */ = {isa = PBXFileReference; fileEncoding = 4; lastKnownFileType = sourcecode.c.h; path = BAActionSheetCell.h; sourceTree = "<group>"; };
		F4B36BCC1FFDD5C40053DEEF /* BAActionSheetCell.m */ = {isa = PBXFileReference; fileEncoding = 4; lastKnownFileType = sourcecode.c.objc; path = BAActionSheetCell.m; sourceTree = "<group>"; };
		F4B36BCD1FFDD5C40053DEEF /* BAAlert.bundle */ = {isa = PBXFileReference; lastKnownFileType = "wrapper.plug-in"; path = BAAlert.bundle; sourceTree = "<group>"; };
		F4B36BCE1FFDD5C40053DEEF /* BAAlert.h */ = {isa = PBXFileReference; fileEncoding = 4; lastKnownFileType = sourcecode.c.h; path = BAAlert.h; sourceTree = "<group>"; };
		F4B36BCF1FFDD5C40053DEEF /* BAAlert.m */ = {isa = PBXFileReference; fileEncoding = 4; lastKnownFileType = sourcecode.c.objc; path = BAAlert.m; sourceTree = "<group>"; };
		F4B36BD01FFDD5C40053DEEF /* BAAlert_Config.h */ = {isa = PBXFileReference; fileEncoding = 4; lastKnownFileType = sourcecode.c.h; path = BAAlert_Config.h; sourceTree = "<group>"; };
		F4B36BD11FFDD5C40053DEEF /* BAAlert_OC.h */ = {isa = PBXFileReference; fileEncoding = 4; lastKnownFileType = sourcecode.c.h; path = BAAlert_OC.h; sourceTree = "<group>"; };
		F4B36BD21FFDD5C40053DEEF /* BAAlert_Version.h */ = {isa = PBXFileReference; fileEncoding = 4; lastKnownFileType = sourcecode.c.h; path = BAAlert_Version.h; sourceTree = "<group>"; };
		F4B36BD31FFDD5C40053DEEF /* BAKit_ConfigurationDefine.h */ = {isa = PBXFileReference; fileEncoding = 4; lastKnownFileType = sourcecode.c.h; path = BAKit_ConfigurationDefine.h; sourceTree = "<group>"; };
		F4B36BD41FFDD5C40053DEEF /* UIView+BAAnimation.h */ = {isa = PBXFileReference; fileEncoding = 4; lastKnownFileType = sourcecode.c.h; path = "UIView+BAAnimation.h"; sourceTree = "<group>"; };
		F4B36BD51FFDD5C40053DEEF /* UIView+BAAnimation.m */ = {isa = PBXFileReference; fileEncoding = 4; lastKnownFileType = sourcecode.c.objc; path = "UIView+BAAnimation.m"; sourceTree = "<group>"; };
		F4B36BDC1FFDD6630053DEEF /* EmptyView.h */ = {isa = PBXFileReference; fileEncoding = 4; lastKnownFileType = sourcecode.c.h; path = EmptyView.h; sourceTree = "<group>"; };
		F4B36BDD1FFDD6630053DEEF /* EmptyView.m */ = {isa = PBXFileReference; fileEncoding = 4; lastKnownFileType = sourcecode.c.objc; path = EmptyView.m; sourceTree = "<group>"; };
		F4B36BDE1FFDD6630053DEEF /* Main.storyboard */ = {isa = PBXFileReference; fileEncoding = 4; lastKnownFileType = file.storyboard; path = Main.storyboard; sourceTree = "<group>"; };
		F4B36BDF1FFDD6630053DEEF /* MembersFilmViewController.h */ = {isa = PBXFileReference; fileEncoding = 4; lastKnownFileType = sourcecode.c.h; path = MembersFilmViewController.h; sourceTree = "<group>"; };
		F4B36BE01FFDD6630053DEEF /* MembersFilmViewController.m */ = {isa = PBXFileReference; fileEncoding = 4; lastKnownFileType = sourcecode.c.objc; path = MembersFilmViewController.m; sourceTree = "<group>"; };
		F4B36BE11FFDD6630053DEEF /* SegmentViewController.h */ = {isa = PBXFileReference; fileEncoding = 4; lastKnownFileType = sourcecode.c.h; path = SegmentViewController.h; sourceTree = "<group>"; };
		F4B36BE21FFDD6630053DEEF /* SegmentViewController.m */ = {isa = PBXFileReference; fileEncoding = 4; lastKnownFileType = sourcecode.c.objc; path = SegmentViewController.m; sourceTree = "<group>"; };
		F4B36BE31FFDD6630053DEEF /* VideoPurchaseViewController.h */ = {isa = PBXFileReference; fileEncoding = 4; lastKnownFileType = sourcecode.c.h; path = VideoPurchaseViewController.h; sourceTree = "<group>"; };
		F4B36BE41FFDD6630053DEEF /* VideoPurchaseViewController.m */ = {isa = PBXFileReference; fileEncoding = 4; lastKnownFileType = sourcecode.c.objc; path = VideoPurchaseViewController.m; sourceTree = "<group>"; };
		F4B36BE61FFDD6630053DEEF /* WCLRecordProgressView.h */ = {isa = PBXFileReference; fileEncoding = 4; lastKnownFileType = sourcecode.c.h; path = WCLRecordProgressView.h; sourceTree = "<group>"; };
		F4B36BE71FFDD6630053DEEF /* WCLRecordProgressView.m */ = {isa = PBXFileReference; fileEncoding = 4; lastKnownFileType = sourcecode.c.objc; path = WCLRecordProgressView.m; sourceTree = "<group>"; };
		F4B36BEA1FFDD6630053DEEF /* WCLRecordEncoder.h */ = {isa = PBXFileReference; fileEncoding = 4; lastKnownFileType = sourcecode.c.h; path = WCLRecordEncoder.h; sourceTree = "<group>"; };
		F4B36BEB1FFDD6630053DEEF /* WCLRecordEncoder.m */ = {isa = PBXFileReference; fileEncoding = 4; lastKnownFileType = sourcecode.c.objc; path = WCLRecordEncoder.m; sourceTree = "<group>"; };
		F4B36BED1FFDD6630053DEEF /* WCLRecordEngine.h */ = {isa = PBXFileReference; fileEncoding = 4; lastKnownFileType = sourcecode.c.h; path = WCLRecordEngine.h; sourceTree = "<group>"; };
		F4B36BEE1FFDD6630053DEEF /* WCLRecordEngine.m */ = {isa = PBXFileReference; fileEncoding = 4; lastKnownFileType = sourcecode.c.objc; path = WCLRecordEngine.m; sourceTree = "<group>"; };
		F4B36BEF1FFDD6630053DEEF /* WCLRecordVideoVC.h */ = {isa = PBXFileReference; fileEncoding = 4; lastKnownFileType = sourcecode.c.h; path = WCLRecordVideoVC.h; sourceTree = "<group>"; };
		F4B36BF01FFDD6630053DEEF /* WCLRecordVideoVC.m */ = {isa = PBXFileReference; fileEncoding = 4; lastKnownFileType = sourcecode.c.objc; path = WCLRecordVideoVC.m; sourceTree = "<group>"; };
		F4D5ABF31F34476100534637 /* Demo.pch */ = {isa = PBXFileReference; fileEncoding = 4; lastKnownFileType = sourcecode.c.h; path = Demo.pch; sourceTree = "<group>"; };
		F4D5ABF41F344D5A00534637 /* HomeTableViewCell.h */ = {isa = PBXFileReference; fileEncoding = 4; lastKnownFileType = sourcecode.c.h; name = HomeTableViewCell.h; path = MyDemo/Classes/Home/View/HomeTableViewCell.h; sourceTree = SOURCE_ROOT; };
		F4D5ABF51F344D5A00534637 /* HomeTableViewCell.m */ = {isa = PBXFileReference; fileEncoding = 4; lastKnownFileType = sourcecode.c.objc; name = HomeTableViewCell.m; path = MyDemo/Classes/Home/View/HomeTableViewCell.m; sourceTree = SOURCE_ROOT; };
		F4D5ABF71F34554900534637 /* HomeModel.h */ = {isa = PBXFileReference; fileEncoding = 4; lastKnownFileType = sourcecode.c.h; name = HomeModel.h; path = MyDemo/Classes/Home/Model/HomeModel.h; sourceTree = SOURCE_ROOT; };
		F4D5ABF81F34554900534637 /* HomeModel.m */ = {isa = PBXFileReference; fileEncoding = 4; lastKnownFileType = sourcecode.c.objc; name = HomeModel.m; path = MyDemo/Classes/Home/Model/HomeModel.m; sourceTree = SOURCE_ROOT; };
		F4EB0FEB1F5CF10F00146FD1 /* NBBIndicator.h */ = {isa = PBXFileReference; fileEncoding = 4; lastKnownFileType = sourcecode.c.h; path = NBBIndicator.h; sourceTree = "<group>"; };
		F4EB0FEC1F5CF10F00146FD1 /* NBBIndicator.m */ = {isa = PBXFileReference; fileEncoding = 4; lastKnownFileType = sourcecode.c.objc; path = NBBIndicator.m; sourceTree = "<group>"; };
		F4F791671F57B5F200D82F84 /* ListViewCell.h */ = {isa = PBXFileReference; fileEncoding = 4; lastKnownFileType = sourcecode.c.h; path = ListViewCell.h; sourceTree = "<group>"; };
		F4F791681F57B5F200D82F84 /* ListViewCell.m */ = {isa = PBXFileReference; fileEncoding = 4; lastKnownFileType = sourcecode.c.objc; path = ListViewCell.m; sourceTree = "<group>"; };
		F4F7916A1F57EEF900D82F84 /* RightController.h */ = {isa = PBXFileReference; fileEncoding = 4; lastKnownFileType = sourcecode.c.h; path = RightController.h; sourceTree = "<group>"; };
		F4F7916B1F57EEF900D82F84 /* RightController.m */ = {isa = PBXFileReference; fileEncoding = 4; lastKnownFileType = sourcecode.c.objc; path = RightController.m; sourceTree = "<group>"; };
/* End PBXFileReference section */

/* Begin PBXFrameworksBuildPhase section */
		F442E86D1F15AD3200FDEEEF /* Frameworks */ = {
			isa = PBXFrameworksBuildPhase;
			buildActionMask = 2147483647;
			files = (
				A49BDBA029B3C2AD3D499855 /* libPods-MyDemo.a in Frameworks */,
			);
			runOnlyForDeploymentPostprocessing = 0;
		};
		F442E8861F15AD3200FDEEEF /* Frameworks */ = {
			isa = PBXFrameworksBuildPhase;
			buildActionMask = 2147483647;
			files = (
				3CE30B0FF727B97DA64F0F96 /* libPods-MyDemoUITests.a in Frameworks */,
			);
			runOnlyForDeploymentPostprocessing = 0;
		};
/* End PBXFrameworksBuildPhase section */

/* Begin PBXGroup section */
		4247406312F00F37FA7D8749 /* Pods */ = {
			isa = PBXGroup;
			children = (
				E54C38903093689B8568A7AC /* Pods-MyDemo.debug.xcconfig */,
				106F02F5E6C702422AA4B906 /* Pods-MyDemo.release.xcconfig */,
				01FFB40D96A93C555F3F2B07 /* Pods-MyDemoUITests.debug.xcconfig */,
				2B8714883850CFD732D5F28B /* Pods-MyDemoUITests.release.xcconfig */,
			);
			name = Pods;
			sourceTree = "<group>";
		};
		B1FB558BF16B2C4FC2D1809B /* Frameworks */ = {
			isa = PBXGroup;
			children = (
				3541B7D22F13C02786470CDB /* libPods-MyDemo.a */,
				7F9919D8F2DB5359D7AEB581 /* libPods-MyDemoUITests.a */,
			);
			name = Frameworks;
			sourceTree = "<group>";
		};
		F41073B01F4FFFA9005BD980 /* Foundation */ = {
			isa = PBXGroup;
			children = (
				F41073BC1F4FFFCF005BD980 /* NSArray+Additions.h */,
				F41073BD1F4FFFCF005BD980 /* NSArray+Additions.m */,
				F41073BF1F500086005BD980 /* NSObject+Additions.h */,
				F41073C01F500086005BD980 /* NSObject+Additions.m */,
				F41073C21F50047B005BD980 /* NSAttributedString+Additions.h */,
				F41073C31F50047B005BD980 /* NSAttributedString+Additions.m */,
			);
			path = Foundation;
			sourceTree = "<group>";
		};
		F41073B11F4FFFA9005BD980 /* UIKit */ = {
			isa = PBXGroup;
			children = (
				F41073B21F4FFFA9005BD980 /* Additions.h */,
				F41073B31F4FFFA9005BD980 /* UIColor+Additions.h */,
				F41073B41F4FFFA9005BD980 /* UIColor+Additions.m */,
				F41073B51F4FFFA9005BD980 /* UIView+Additions.h */,
				F41073B61F4FFFA9005BD980 /* UIView+Additions.m */,
				F41073B71F4FFFA9005BD980 /* UIView+FrameAdditions.h */,
				F41073B81F4FFFA9005BD980 /* UIView+FrameAdditions.m */,
				F41073C51F500A3F005BD980 /* UIViewController+AddChildVC.h */,
				F41073C61F500A3F005BD980 /* UIViewController+AddChildVC.m */,
				F41073C81F502786005BD980 /* UIButton+Additions.h */,
				F41073C91F502786005BD980 /* UIButton+Additions.m */,
				F41073CB1F502F83005BD980 /* UILabel+Additions.h */,
				F41073CC1F502F83005BD980 /* UILabel+Additions.m */,
				F430EA0F1F51198C003873DD /* UITableView+Additions.h */,
				F430EA101F51198C003873DD /* UITableView+Additions.m */,
			);
			path = UIKit;
			sourceTree = "<group>";
		};
		F42473CE1F58F300009D0EBE /* Model */ = {
			isa = PBXGroup;
			children = (
				F478574B1F5F8DA200D05F34 /* BaseModel.h */,
				F478574C1F5F8DA200D05F34 /* BaseModel.m */,
				F478574E1F5F8F6700D05F34 /* DemoVCModel.h */,
				F478574F1F5F8F6700D05F34 /* DemoVCModel.m */,
			);
			path = Model;
			sourceTree = "<group>";
		};
		F42473CF1F58F3AC009D0EBE /* NetManger */ = {
			isa = PBXGroup;
			children = (
				F42473D01F58F4D5009D0EBE /* BaseNetManger.h */,
				F42473D11F58F4D5009D0EBE /* BaseNetManger.m */,
				F42473D31F59020A009D0EBE /* DemoVCMager.h */,
				F42473D41F59020A009D0EBE /* DemoVCMager.m */,
			);
			path = NetManger;
			sourceTree = "<group>";
		};
		F442E8671F15AD3100FDEEEF = {
			isa = PBXGroup;
			children = (
				F442E8721F15AD3200FDEEEF /* MyDemo */,
				F442E88C1F15AD3200FDEEEF /* MyDemoUITests */,
				F442E8711F15AD3200FDEEEF /* Products */,
				4247406312F00F37FA7D8749 /* Pods */,
				B1FB558BF16B2C4FC2D1809B /* Frameworks */,
			);
			sourceTree = "<group>";
		};
		F442E8711F15AD3200FDEEEF /* Products */ = {
			isa = PBXGroup;
			children = (
				F442E8701F15AD3200FDEEEF /* MyDemo.app */,
				F442E8891F15AD3200FDEEEF /* MyDemoUITests.xctest */,
			);
			name = Products;
			sourceTree = "<group>";
		};
		F442E8721F15AD3200FDEEEF /* MyDemo */ = {
			isa = PBXGroup;
			children = (
				F456E1FB1F1745BC00044F5C /* Classes */,
				F442E8761F15AD3200FDEEEF /* AppDelegate.h */,
				F442E8771F15AD3200FDEEEF /* AppDelegate.m */,
				F431B9E51FEDFBF9003EDF8C /* ViewController.h */,
				F431B9E61FEDFBF9003EDF8C /* ViewController.m */,
				F442E8731F15AD3200FDEEEF /* Supporting Files */,
			);
			path = MyDemo;
			sourceTree = "<group>";
		};
		F442E8731F15AD3200FDEEEF /* Supporting Files */ = {
			isa = PBXGroup;
			children = (
				F46F7A801FC29FFF009C951D /* 樱花树3.jpg */,
				F442E87F1F15AD3200FDEEEF /* Assets.xcassets */,
				F442E8811F15AD3200FDEEEF /* LaunchScreen.storyboard */,
				F442E8841F15AD3200FDEEEF /* Info.plist */,
				F442E8741F15AD3200FDEEEF /* main.m */,
				F4D5ABF31F34476100534637 /* Demo.pch */,
			);
			name = "Supporting Files";
			sourceTree = "<group>";
		};
		F442E88C1F15AD3200FDEEEF /* MyDemoUITests */ = {
			isa = PBXGroup;
			children = (
				F442E88D1F15AD3200FDEEEF /* MyDemoUITests.m */,
				F442E88F1F15AD3200FDEEEF /* Info.plist */,
			);
			path = MyDemoUITests;
			sourceTree = "<group>";
		};
		F44FDFE41F8EF9CB009C6C3D /* View */ = {
			isa = PBXGroup;
			children = (
				F4414CD01F3AE0DF00AF3A07 /* HomeView.h */,
				F4414CD11F3AE0DF00AF3A07 /* HomeView.m */,
				F4D5ABF41F344D5A00534637 /* HomeTableViewCell.h */,
				F4D5ABF51F344D5A00534637 /* HomeTableViewCell.m */,
			);
			path = View;
			sourceTree = "<group>";
		};
		F44FDFE51F8EF9CB009C6C3D /* Model */ = {
			isa = PBXGroup;
			children = (
				F4D5ABF71F34554900534637 /* HomeModel.h */,
				F4D5ABF81F34554900534637 /* HomeModel.m */,
			);
			path = Model;
			sourceTree = "<group>";
		};
		F456E1FB1F1745BC00044F5C /* Classes */ = {
			isa = PBXGroup;
			children = (
				F4D5ABEC1F3414D700534637 /* Tools */,
				F456E2001F1745BC00044F5C /* Home */,
				F456E2041F1745BC00044F5C /* Main */,
			);
			path = Classes;
			sourceTree = "<group>";
		};
		F456E2001F1745BC00044F5C /* Home */ = {
			isa = PBXGroup;
			children = (
				F46F75461F3BED4800D02289 /* DemoVC */,
				F44FDFE51F8EF9CB009C6C3D /* Model */,
				F44FDFE41F8EF9CB009C6C3D /* View */,
				F456E2011F1745BC00044F5C /* Controller */,
			);
			path = Home;
			sourceTree = "<group>";
		};
		F456E2011F1745BC00044F5C /* Controller */ = {
			isa = PBXGroup;
			children = (
				F42444701F189F1F00F59E21 /* HomeViewController.h */,
				F42444711F189F1F00F59E21 /* HomeViewController.m */,
			);
			path = Controller;
			sourceTree = "<group>";
		};
		F456E2041F1745BC00044F5C /* Main */ = {
			isa = PBXGroup;
			children = (
				F456E2051F1745BC00044F5C /* Controller */,
			);
			path = Main;
			sourceTree = "<group>";
		};
		F456E2051F1745BC00044F5C /* Controller */ = {
			isa = PBXGroup;
			children = (
				F456E2091F1745F200044F5C /* MainTabBarController.h */,
				F456E20A1F1745F200044F5C /* MainTabBarController.m */,
			);
			path = Controller;
			sourceTree = "<group>";
		};
		F46F75461F3BED4800D02289 /* DemoVC */ = {
			isa = PBXGroup;
			children = (
				F46F75481F3BED4800D02289 /* DemoVC10 */,
				F46F75491F3BED4800D02289 /* DemoVC11 */,
				F46F754A1F3BED4800D02289 /* DemoVC12 */,
				F46F754B1F3BED4800D02289 /* DemoVC13 */,
				F46F754C1F3BED4800D02289 /* DemoVC14 */,
				F46F754D1F3BED4800D02289 /* DemoVC15 */,
				F46F754E1F3BED4800D02289 /* DemoVC16 */,
				F46F754F1F3BED4800D02289 /* DemoVC17 */,
				F46F75501F3BED4800D02289 /* DemoVC18 */,
				F46F75511F3BED4800D02289 /* DemoVC19 */,
				F46F75531F3BED4800D02289 /* DemoVC20 */,
				F46F75471F3BED4800D02289 /* DemoVC1 */,
				F46F75521F3BED4800D02289 /* DemoVC2 */,
				F46F75541F3BED4800D02289 /* DemoVC3 */,
				F46F75551F3BED4800D02289 /* DemoVC4 */,
				F46F75561F3BED4800D02289 /* DemoVC5 */,
				F46F75571F3BED4800D02289 /* DemoVC6 */,
				F46F75581F3BED4800D02289 /* DemoVC7 */,
				F46F75591F3BED4800D02289 /* DemoVC8 */,
				F46F755A1F3BED4800D02289 /* DemoVC9 */,
			);
			path = DemoVC;
			sourceTree = "<group>";
		};
		F46F75471F3BED4800D02289 /* DemoVC1 */ = {
			isa = PBXGroup;
			children = (
				F47275591F53FA330069322F /* Cell */,
				F47275601F53FA330069322F /* Contorller */,
				F47275631F53FA330069322F /* Model */,
				F47275641F53FA330069322F /* View */,
				F472756D1F53FA330069322F /* ViewModel */,
			);
			path = DemoVC1;
			sourceTree = "<group>";
		};
		F46F75481F3BED4800D02289 /* DemoVC10 */ = {
			isa = PBXGroup;
			children = (
			);
			path = DemoVC10;
			sourceTree = "<group>";
		};
		F46F75491F3BED4800D02289 /* DemoVC11 */ = {
			isa = PBXGroup;
			children = (
			);
			path = DemoVC11;
			sourceTree = "<group>";
		};
		F46F754A1F3BED4800D02289 /* DemoVC12 */ = {
			isa = PBXGroup;
			children = (
			);
			path = DemoVC12;
			sourceTree = "<group>";
		};
		F46F754B1F3BED4800D02289 /* DemoVC13 */ = {
			isa = PBXGroup;
			children = (
			);
			path = DemoVC13;
			sourceTree = "<group>";
		};
		F46F754C1F3BED4800D02289 /* DemoVC14 */ = {
			isa = PBXGroup;
			children = (
			);
			path = DemoVC14;
			sourceTree = "<group>";
		};
		F46F754D1F3BED4800D02289 /* DemoVC15 */ = {
			isa = PBXGroup;
			children = (
			);
			path = DemoVC15;
			sourceTree = "<group>";
		};
		F46F754E1F3BED4800D02289 /* DemoVC16 */ = {
			isa = PBXGroup;
			children = (
			);
			path = DemoVC16;
			sourceTree = "<group>";
		};
		F46F754F1F3BED4800D02289 /* DemoVC17 */ = {
			isa = PBXGroup;
			children = (
			);
			path = DemoVC17;
			sourceTree = "<group>";
		};
		F46F75501F3BED4800D02289 /* DemoVC18 */ = {
			isa = PBXGroup;
			children = (
			);
			path = DemoVC18;
			sourceTree = "<group>";
		};
		F46F75511F3BED4800D02289 /* DemoVC19 */ = {
			isa = PBXGroup;
			children = (
			);
			path = DemoVC19;
			sourceTree = "<group>";
		};
		F46F75521F3BED4800D02289 /* DemoVC2 */ = {
			isa = PBXGroup;
			children = (
				F47275561F53F97C0069322F /* DemoVC2.h */,
				F47275571F53F97C0069322F /* DemoVC2.m */,
				F47FB78B1F56B51600D1C350 /* FilterView.h */,
				F47FB78C1F56B51600D1C350 /* FilterView.m */,
				F47FB78E1F56BD3900D1C350 /* ListView.h */,
				F47FB78F1F56BD3900D1C350 /* ListView.m */,
				F4F791671F57B5F200D82F84 /* ListViewCell.h */,
				F4F791681F57B5F200D82F84 /* ListViewCell.m */,
				F4F7916A1F57EEF900D82F84 /* RightController.h */,
				F4F7916B1F57EEF900D82F84 /* RightController.m */,
			);
			path = DemoVC2;
			sourceTree = "<group>";
		};
		F46F75531F3BED4800D02289 /* DemoVC20 */ = {
			isa = PBXGroup;
			children = (
			);
			path = DemoVC20;
			sourceTree = "<group>";
		};
		F46F75541F3BED4800D02289 /* DemoVC3 */ = {
			isa = PBXGroup;
			children = (
				F42473CF1F58F3AC009D0EBE /* NetManger */,
				F42473CE1F58F300009D0EBE /* Model */,
				F430CB311F55354F0097AEB2 /* DemoVC3.h */,
				F430CB321F55354F0097AEB2 /* DemoVC3.m */,
			);
			path = DemoVC3;
			sourceTree = "<group>";
		};
		F46F75551F3BED4800D02289 /* DemoVC4 */ = {
			isa = PBXGroup;
			children = (
				F46F7A821FC2A162009C951D /* Controller */,
				F46F7A841FC2A162009C951D /* Model */,
				F46F7A831FC2A162009C951D /* View */,
			);
			path = DemoVC4;
			sourceTree = "<group>";
		};
		F46F75561F3BED4800D02289 /* DemoVC5 */ = {
			isa = PBXGroup;
			children = (
			);
			path = DemoVC5;
			sourceTree = "<group>";
		};
		F46F75571F3BED4800D02289 /* DemoVC6 */ = {
			isa = PBXGroup;
			children = (
			);
			path = DemoVC6;
			sourceTree = "<group>";
		};
		F46F75581F3BED4800D02289 /* DemoVC7 */ = {
			isa = PBXGroup;
			children = (
			);
			path = DemoVC7;
			sourceTree = "<group>";
		};
		F46F75591F3BED4800D02289 /* DemoVC8 */ = {
			isa = PBXGroup;
			children = (
			);
			path = DemoVC8;
			sourceTree = "<group>";
		};
		F46F755A1F3BED4800D02289 /* DemoVC9 */ = {
			isa = PBXGroup;
			children = (
			);
			path = DemoVC9;
			sourceTree = "<group>";
		};
		F46F7A821FC2A162009C951D /* Controller */ = {
			isa = PBXGroup;
			children = (
				F4B36BDB1FFDD6630053DEEF /* MemberFilm */,
				F4B36BC81FFDD5C40053DEEF /* BAAlert */,
				F4B36BB21FFDD4B30053DEEF /* RuralTourismVC */,
				F47791DB1FFC6C54002E24D4 /* NHInfoVC */,
				F46F7A851FC2A17A009C951D /* DemoVC4.h */,
				F46F7A861FC2A17A009C951D /* DemoVC4.m */,
			);
			path = Controller;
			sourceTree = "<group>";
		};
		F46F7A831FC2A162009C951D /* View */ = {
			isa = PBXGroup;
			children = (
			);
			path = View;
			sourceTree = "<group>";
		};
		F46F7A841FC2A162009C951D /* Model */ = {
			isa = PBXGroup;
			children = (
			);
			path = Model;
			sourceTree = "<group>";
		};
		F47275591F53FA330069322F /* Cell */ = {
			isa = PBXGroup;
			children = (
				F472755A1F53FA330069322F /* NBBSingleContentShowViewCell.h */,
				F472755B1F53FA330069322F /* NBBSingleContentShowViewCell.m */,
				F472755C1F53FA330069322F /* NBBSingleContentShowViewLayout.h */,
				F472755D1F53FA330069322F /* NBBSingleContentShowViewLayout.m */,
				F472755E1F53FA330069322F /* NBBSingleProductCell.h */,
				F472755F1F53FA330069322F /* NBBSingleProductCell.m */,
			);
			path = Cell;
			sourceTree = "<group>";
		};
		F47275601F53FA330069322F /* Contorller */ = {
			isa = PBXGroup;
			children = (
				F47275611F53FA330069322F /* DemoVC1.h */,
				F47275621F53FA330069322F /* DemoVC1.m */,
			);
			path = Contorller;
			sourceTree = "<group>";
		};
		F47275631F53FA330069322F /* Model */ = {
			isa = PBXGroup;
			children = (
			);
			path = Model;
			sourceTree = "<group>";
		};
		F47275641F53FA330069322F /* View */ = {
			isa = PBXGroup;
			children = (
				F47275651F53FA330069322F /* ContentShowView.h */,
				F47275661F53FA330069322F /* ContentShowView.m */,
				F47275671F53FA330069322F /* NBBActionControl.h */,
				F47275681F53FA330069322F /* NBBActionControl.m */,
				F47275691F53FA330069322F /* NBBHomeHeadSectionView.h */,
				F472756A1F53FA330069322F /* NBBHomeHeadSectionView.m */,
				F472756B1F53FA330069322F /* NBBSingleContentShowView.h */,
				F472756C1F53FA330069322F /* NBBSingleContentShowView.m */,
				F4EB0FEB1F5CF10F00146FD1 /* NBBIndicator.h */,
				F4EB0FEC1F5CF10F00146FD1 /* NBBIndicator.m */,
			);
			path = View;
			sourceTree = "<group>";
		};
		F472756D1F53FA330069322F /* ViewModel */ = {
			isa = PBXGroup;
			children = (
			);
			path = ViewModel;
			sourceTree = "<group>";
		};
		F47791DB1FFC6C54002E24D4 /* NHInfoVC */ = {
			isa = PBXGroup;
			children = (
				F47791DC1FFC6C54002E24D4 /* HNInFoHeadView.h */,
				F47791DD1FFC6C54002E24D4 /* HNInFoHeadView.m */,
				F47791DE1FFC6C54002E24D4 /* NHInFoViewController.h */,
				F47791DF1FFC6C54002E24D4 /* NHInFoViewController.m */,
				F47791E01FFC6C54002E24D4 /* NHLeftTableViewCell.h */,
				F47791E11FFC6C54002E24D4 /* NHLeftTableViewCell.m */,
				F47791E21FFC6C54002E24D4 /* NHRightTableViewCell.h */,
				F47791E31FFC6C54002E24D4 /* NHRightTableViewCell.m */,
				F47791E41FFC6C54002E24D4 /* SSSearchBar.h */,
				F47791E51FFC6C54002E24D4 /* SSSearchBar.m */,
				F47791E61FFC6C54002E24D4 /* UIImage+Tool.h */,
				F47791E71FFC6C54002E24D4 /* UIImage+Tool.m */,
			);
			path = NHInfoVC;
			sourceTree = "<group>";
		};
		F4B36BB21FFDD4B30053DEEF /* RuralTourismVC */ = {
			isa = PBXGroup;
			children = (
				F4B36BB31FFDD4B30053DEEF /* RurakThemeTableViewCell.h */,
				F4B36BB41FFDD4B30053DEEF /* RurakThemeTableViewCell.m */,
				F4B36BB51FFDD4B30053DEEF /* RuralAllViewController.h */,
				F4B36BB61FFDD4B30053DEEF /* RuralAllViewController.m */,
				F4B36BB71FFDD4B30053DEEF /* RuralCategoryView.h */,
				F4B36BB81FFDD4B30053DEEF /* RuralCategoryView.m */,
				F4B36BB91FFDD4B30053DEEF /* RuralSearchViewController.h */,
				F4B36BBA1FFDD4B30053DEEF /* RuralSearchViewController.m */,
				F4B36BBB1FFDD4B30053DEEF /* RuralThemeViewController.h */,
				F4B36BBC1FFDD4B30053DEEF /* RuralThemeViewController.m */,
				F4B36BBD1FFDD4B30053DEEF /* RuralTourismViewController.h */,
				F4B36BBE1FFDD4B30053DEEF /* RuralTourismViewController.m */,
				F4B36BBF1FFDD4B30053DEEF /* TagView.h */,
				F4B36BC01FFDD4B30053DEEF /* TagView.m */,
			);
			path = RuralTourismVC;
			sourceTree = "<group>";
		};
		F4B36BC81FFDD5C40053DEEF /* BAAlert */ = {
			isa = PBXGroup;
			children = (
				F4B36BC91FFDD5C40053DEEF /* BAActionSheet.h */,
				F4B36BCA1FFDD5C40053DEEF /* BAActionSheet.m */,
				F4B36BCB1FFDD5C40053DEEF /* BAActionSheetCell.h */,
				F4B36BCC1FFDD5C40053DEEF /* BAActionSheetCell.m */,
				F4B36BCD1FFDD5C40053DEEF /* BAAlert.bundle */,
				F4B36BCE1FFDD5C40053DEEF /* BAAlert.h */,
				F4B36BCF1FFDD5C40053DEEF /* BAAlert.m */,
				F4B36BD01FFDD5C40053DEEF /* BAAlert_Config.h */,
				F4B36BD11FFDD5C40053DEEF /* BAAlert_OC.h */,
				F4B36BD21FFDD5C40053DEEF /* BAAlert_Version.h */,
				F4B36BD31FFDD5C40053DEEF /* BAKit_ConfigurationDefine.h */,
				F4B36BD41FFDD5C40053DEEF /* UIView+BAAnimation.h */,
				F4B36BD51FFDD5C40053DEEF /* UIView+BAAnimation.m */,
			);
			path = BAAlert;
			sourceTree = "<group>";
		};
		F4B36BDB1FFDD6630053DEEF /* MemberFilm */ = {
			isa = PBXGroup;
			children = (
				F4B36BDC1FFDD6630053DEEF /* EmptyView.h */,
				F4B36BDD1FFDD6630053DEEF /* EmptyView.m */,
				F4B36BDF1FFDD6630053DEEF /* MembersFilmViewController.h */,
				F4B36BE01FFDD6630053DEEF /* MembersFilmViewController.m */,
				F4B36BE11FFDD6630053DEEF /* SegmentViewController.h */,
				F4B36BE21FFDD6630053DEEF /* SegmentViewController.m */,
				F4B36BE31FFDD6630053DEEF /* VideoPurchaseViewController.h */,
				F4B36BE41FFDD6630053DEEF /* VideoPurchaseViewController.m */,
				F4B36BE51FFDD6630053DEEF /* WCLRecordProgressView */,
				F4B36BE81FFDD6630053DEEF /* WCLRecordVideo */,
				F4B36BEF1FFDD6630053DEEF /* WCLRecordVideoVC.h */,
				F4B36BF01FFDD6630053DEEF /* WCLRecordVideoVC.m */,
				F4B36BDE1FFDD6630053DEEF /* Main.storyboard */,
			);
			path = MemberFilm;
			sourceTree = "<group>";
		};
		F4B36BE51FFDD6630053DEEF /* WCLRecordProgressView */ = {
			isa = PBXGroup;
			children = (
				F4B36BE61FFDD6630053DEEF /* WCLRecordProgressView.h */,
				F4B36BE71FFDD6630053DEEF /* WCLRecordProgressView.m */,
			);
			path = WCLRecordProgressView;
			sourceTree = "<group>";
		};
		F4B36BE81FFDD6630053DEEF /* WCLRecordVideo */ = {
			isa = PBXGroup;
			children = (
				F4B36BE91FFDD6630053DEEF /* WCLRecordEncoder */,
				F4B36BEC1FFDD6630053DEEF /* WCLRecordEngine */,
			);
			path = WCLRecordVideo;
			sourceTree = "<group>";
		};
		F4B36BE91FFDD6630053DEEF /* WCLRecordEncoder */ = {
			isa = PBXGroup;
			children = (
				F4B36BEA1FFDD6630053DEEF /* WCLRecordEncoder.h */,
				F4B36BEB1FFDD6630053DEEF /* WCLRecordEncoder.m */,
			);
			path = WCLRecordEncoder;
			sourceTree = "<group>";
		};
		F4B36BEC1FFDD6630053DEEF /* WCLRecordEngine */ = {
			isa = PBXGroup;
			children = (
				F4B36BED1FFDD6630053DEEF /* WCLRecordEngine.h */,
				F4B36BEE1FFDD6630053DEEF /* WCLRecordEngine.m */,
			);
			path = WCLRecordEngine;
			sourceTree = "<group>";
		};
		F4D5ABEC1F3414D700534637 /* Tools */ = {
			isa = PBXGroup;
			children = (
				F417DD7F1FFB2F2F006162EE /* CWStarRateView.h */,
				F417DD801FFB2F2F006162EE /* CWStarRateView.m */,
				F4D5ABED1F3414D700534637 /* Category */,
				F4D5ABEE1F3414D700534637 /* Macros */,
			);
			path = Tools;
			sourceTree = "<group>";
		};
		F4D5ABED1F3414D700534637 /* Category */ = {
			isa = PBXGroup;
			children = (
				F41073B01F4FFFA9005BD980 /* Foundation */,
				F41073B11F4FFFA9005BD980 /* UIKit */,
			);
			path = Category;
			sourceTree = "<group>";
		};
		F4D5ABEE1F3414D700534637 /* Macros */ = {
			isa = PBXGroup;
			children = (
			);
			path = Macros;
			sourceTree = "<group>";
		};
/* End PBXGroup section */

/* Begin PBXNativeTarget section */
		F442E86F1F15AD3200FDEEEF /* MyDemo */ = {
			isa = PBXNativeTarget;
			buildConfigurationList = F442E8921F15AD3200FDEEEF /* Build configuration list for PBXNativeTarget "MyDemo" */;
			buildPhases = (
				769BF1EA8248044CDDF2A1DD /* [CP] Check Pods Manifest.lock */,
				F442E86C1F15AD3200FDEEEF /* Sources */,
				F442E86D1F15AD3200FDEEEF /* Frameworks */,
				F442E86E1F15AD3200FDEEEF /* Resources */,
				C50CF4828D988A16527D822A /* [CP] Embed Pods Frameworks */,
				BCDBC7335FFF539B28882AB1 /* [CP] Copy Pods Resources */,
			);
			buildRules = (
			);
			dependencies = (
			);
			name = MyDemo;
			productName = MyDemo;
			productReference = F442E8701F15AD3200FDEEEF /* MyDemo.app */;
			productType = "com.apple.product-type.application";
		};
		F442E8881F15AD3200FDEEEF /* MyDemoUITests */ = {
			isa = PBXNativeTarget;
			buildConfigurationList = F442E8951F15AD3200FDEEEF /* Build configuration list for PBXNativeTarget "MyDemoUITests" */;
			buildPhases = (
				AF160F1FB719CF209826A069 /* [CP] Check Pods Manifest.lock */,
				F442E8851F15AD3200FDEEEF /* Sources */,
				F442E8861F15AD3200FDEEEF /* Frameworks */,
				F442E8871F15AD3200FDEEEF /* Resources */,
				778AC9EF2636B9EBF59BB98D /* [CP] Embed Pods Frameworks */,
				302D4159C7AD0DDDE23B9AF0 /* [CP] Copy Pods Resources */,
			);
			buildRules = (
			);
			dependencies = (
				F442E88B1F15AD3200FDEEEF /* PBXTargetDependency */,
			);
			name = MyDemoUITests;
			productName = MyDemoUITests;
			productReference = F442E8891F15AD3200FDEEEF /* MyDemoUITests.xctest */;
			productType = "com.apple.product-type.bundle.ui-testing";
		};
/* End PBXNativeTarget section */

/* Begin PBXProject section */
		F442E8681F15AD3100FDEEEF /* Project object */ = {
			isa = PBXProject;
			attributes = {
				LastUpgradeCheck = 0830;
				ORGANIZATIONNAME = qingpengwang;
				TargetAttributes = {
					F442E86F1F15AD3200FDEEEF = {
						CreatedOnToolsVersion = 8.3.2;
						DevelopmentTeam = MN57L5YG33;
						ProvisioningStyle = Automatic;
					};
					F442E8881F15AD3200FDEEEF = {
						CreatedOnToolsVersion = 8.3.2;
						DevelopmentTeam = MN57L5YG33;
						ProvisioningStyle = Automatic;
						TestTargetID = F442E86F1F15AD3200FDEEEF;
					};
				};
			};
			buildConfigurationList = F442E86B1F15AD3100FDEEEF /* Build configuration list for PBXProject "MyDemo" */;
			compatibilityVersion = "Xcode 3.2";
			developmentRegion = English;
			hasScannedForEncodings = 0;
			knownRegions = (
				en,
				Base,
			);
			mainGroup = F442E8671F15AD3100FDEEEF;
			productRefGroup = F442E8711F15AD3200FDEEEF /* Products */;
			projectDirPath = "";
			projectRoot = "";
			targets = (
				F442E86F1F15AD3200FDEEEF /* MyDemo */,
				F442E8881F15AD3200FDEEEF /* MyDemoUITests */,
			);
		};
/* End PBXProject section */

/* Begin PBXResourcesBuildPhase section */
		F442E86E1F15AD3200FDEEEF /* Resources */ = {
			isa = PBXResourcesBuildPhase;
			buildActionMask = 2147483647;
			files = (
				F442E8831F15AD3200FDEEEF /* LaunchScreen.storyboard in Resources */,
				F4B36BF21FFDD6630053DEEF /* Main.storyboard in Resources */,
				F4B36BD81FFDD5C40053DEEF /* BAAlert.bundle in Resources */,
				F442E8801F15AD3200FDEEEF /* Assets.xcassets in Resources */,
				F46F7A811FC2A000009C951D /* 樱花树3.jpg in Resources */,
			);
			runOnlyForDeploymentPostprocessing = 0;
		};
		F442E8871F15AD3200FDEEEF /* Resources */ = {
			isa = PBXResourcesBuildPhase;
			buildActionMask = 2147483647;
			files = (
			);
			runOnlyForDeploymentPostprocessing = 0;
		};
/* End PBXResourcesBuildPhase section */

/* Begin PBXShellScriptBuildPhase section */
		302D4159C7AD0DDDE23B9AF0 /* [CP] Copy Pods Resources */ = {
			isa = PBXShellScriptBuildPhase;
			buildActionMask = 2147483647;
			files = (
			);
			inputPaths = (
			);
			name = "[CP] Copy Pods Resources";
			outputPaths = (
			);
			runOnlyForDeploymentPostprocessing = 0;
			shellPath = /bin/sh;
			shellScript = "\"${SRCROOT}/Pods/Target Support Files/Pods-MyDemoUITests/Pods-MyDemoUITests-resources.sh\"\n";
			showEnvVarsInLog = 0;
		};
		769BF1EA8248044CDDF2A1DD /* [CP] Check Pods Manifest.lock */ = {
			isa = PBXShellScriptBuildPhase;
			buildActionMask = 2147483647;
			files = (
			);
			inputPaths = (
			);
			name = "[CP] Check Pods Manifest.lock";
			outputPaths = (
			);
			runOnlyForDeploymentPostprocessing = 0;
			shellPath = /bin/sh;
			shellScript = "diff \"${PODS_ROOT}/../Podfile.lock\" \"${PODS_ROOT}/Manifest.lock\" > /dev/null\nif [ $? != 0 ] ; then\n    # print error to STDERR\n    echo \"error: The sandbox is not in sync with the Podfile.lock. Run 'pod install' or update your CocoaPods installation.\" >&2\n    exit 1\nfi\n";
			showEnvVarsInLog = 0;
		};
		778AC9EF2636B9EBF59BB98D /* [CP] Embed Pods Frameworks */ = {
			isa = PBXShellScriptBuildPhase;
			buildActionMask = 2147483647;
			files = (
			);
			inputPaths = (
			);
			name = "[CP] Embed Pods Frameworks";
			outputPaths = (
			);
			runOnlyForDeploymentPostprocessing = 0;
			shellPath = /bin/sh;
			shellScript = "\"${SRCROOT}/Pods/Target Support Files/Pods-MyDemoUITests/Pods-MyDemoUITests-frameworks.sh\"\n";
			showEnvVarsInLog = 0;
		};
		AF160F1FB719CF209826A069 /* [CP] Check Pods Manifest.lock */ = {
			isa = PBXShellScriptBuildPhase;
			buildActionMask = 2147483647;
			files = (
			);
			inputPaths = (
			);
			name = "[CP] Check Pods Manifest.lock";
			outputPaths = (
			);
			runOnlyForDeploymentPostprocessing = 0;
			shellPath = /bin/sh;
			shellScript = "diff \"${PODS_ROOT}/../Podfile.lock\" \"${PODS_ROOT}/Manifest.lock\" > /dev/null\nif [ $? != 0 ] ; then\n    # print error to STDERR\n    echo \"error: The sandbox is not in sync with the Podfile.lock. Run 'pod install' or update your CocoaPods installation.\" >&2\n    exit 1\nfi\n";
			showEnvVarsInLog = 0;
		};
		BCDBC7335FFF539B28882AB1 /* [CP] Copy Pods Resources */ = {
			isa = PBXShellScriptBuildPhase;
			buildActionMask = 2147483647;
			files = (
			);
			inputPaths = (
			);
			name = "[CP] Copy Pods Resources";
			outputPaths = (
			);
			runOnlyForDeploymentPostprocessing = 0;
			shellPath = /bin/sh;
			shellScript = "\"${SRCROOT}/Pods/Target Support Files/Pods-MyDemo/Pods-MyDemo-resources.sh\"\n";
			showEnvVarsInLog = 0;
		};
		C50CF4828D988A16527D822A /* [CP] Embed Pods Frameworks */ = {
			isa = PBXShellScriptBuildPhase;
			buildActionMask = 2147483647;
			files = (
			);
			inputPaths = (
			);
			name = "[CP] Embed Pods Frameworks";
			outputPaths = (
			);
			runOnlyForDeploymentPostprocessing = 0;
			shellPath = /bin/sh;
			shellScript = "\"${SRCROOT}/Pods/Target Support Files/Pods-MyDemo/Pods-MyDemo-frameworks.sh\"\n";
			showEnvVarsInLog = 0;
		};
/* End PBXShellScriptBuildPhase section */

/* Begin PBXSourcesBuildPhase section */
		F442E86C1F15AD3200FDEEEF /* Sources */ = {
			isa = PBXSourcesBuildPhase;
			buildActionMask = 2147483647;
			files = (
				F442E8781F15AD3200FDEEEF /* AppDelegate.m in Sources */,
				F47791EC1FFC6C54002E24D4 /* SSSearchBar.m in Sources */,
				F4B36BF91FFDD6630053DEEF /* WCLRecordVideoVC.m in Sources */,
				F41073C41F50047B005BD980 /* NSAttributedString+Additions.m in Sources */,
				F442E8751F15AD3200FDEEEF /* main.m in Sources */,
				F4B36BF31FFDD6630053DEEF /* MembersFilmViewController.m in Sources */,
				F4B36BF81FFDD6630053DEEF /* WCLRecordEngine.m in Sources */,
				F47275581F53F97C0069322F /* DemoVC2.m in Sources */,
				F4B36BC61FFDD4B40053DEEF /* RuralTourismViewController.m in Sources */,
				F41073CA1F502786005BD980 /* UIButton+Additions.m in Sources */,
				F430CB331F55354F0097AEB2 /* DemoVC3.m in Sources */,
				F47791E91FFC6C54002E24D4 /* NHInFoViewController.m in Sources */,
				F4B36BF71FFDD6630053DEEF /* WCLRecordEncoder.m in Sources */,
				F42473D21F58F4D5009D0EBE /* BaseNetManger.m in Sources */,
				F4B36BF41FFDD6630053DEEF /* SegmentViewController.m in Sources */,
				F4B36BD61FFDD5C40053DEEF /* BAActionSheet.m in Sources */,
				F430EA111F51198C003873DD /* UITableView+Additions.m in Sources */,
				F431B9E71FEDFBF9003EDF8C /* ViewController.m in Sources */,
				F41073C71F500A3F005BD980 /* UIViewController+AddChildVC.m in Sources */,
				F4B36BDA1FFDD5C40053DEEF /* UIView+BAAnimation.m in Sources */,
				F4B36BC21FFDD4B40053DEEF /* RuralAllViewController.m in Sources */,
				F47791EB1FFC6C54002E24D4 /* NHRightTableViewCell.m in Sources */,
				F4B36BD71FFDD5C40053DEEF /* BAActionSheetCell.m in Sources */,
				F4B36BC71FFDD4B40053DEEF /* TagView.m in Sources */,
				F41073C11F500086005BD980 /* NSObject+Additions.m in Sources */,
				F4B36BF61FFDD6630053DEEF /* WCLRecordProgressView.m in Sources */,
				F47FB78D1F56B51600D1C350 /* FilterView.m in Sources */,
				F4F7916C1F57EEF900D82F84 /* RightController.m in Sources */,
				F41073B91F4FFFA9005BD980 /* UIColor+Additions.m in Sources */,
				F47275741F53FA330069322F /* NBBHomeHeadSectionView.m in Sources */,
				F47791EA1FFC6C54002E24D4 /* NHLeftTableViewCell.m in Sources */,
				F4F791691F57B5F200D82F84 /* ListViewCell.m in Sources */,
				F47275711F53FA330069322F /* DemoVC1.m in Sources */,
				F4B36BF51FFDD6630053DEEF /* VideoPurchaseViewController.m in Sources */,
				F4D5ABF91F34554900534637 /* HomeModel.m in Sources */,
				F47791E81FFC6C54002E24D4 /* HNInFoHeadView.m in Sources */,
				F42473D51F59020A009D0EBE /* DemoVCMager.m in Sources */,
				F4B36BD91FFDD5C40053DEEF /* BAAlert.m in Sources */,
				F478574D1F5F8DA200D05F34 /* BaseModel.m in Sources */,
				F47275721F53FA330069322F /* ContentShowView.m in Sources */,
				F41073BE1F4FFFCF005BD980 /* NSArray+Additions.m in Sources */,
				F47275701F53FA330069322F /* NBBSingleProductCell.m in Sources */,
				F4B36BC31FFDD4B40053DEEF /* RuralCategoryView.m in Sources */,
				F47275731F53FA330069322F /* NBBActionControl.m in Sources */,
				F47857501F5F8F6700D05F34 /* DemoVCModel.m in Sources */,
				F46F7A871FC2A17A009C951D /* DemoVC4.m in Sources */,
				F4EB0FED1F5CF10F00146FD1 /* NBBIndicator.m in Sources */,
				F4414CD21F3AE0DF00AF3A07 /* HomeView.m in Sources */,
				F417DD811FFB2F2F006162EE /* CWStarRateView.m in Sources */,
				F472756F1F53FA330069322F /* NBBSingleContentShowViewLayout.m in Sources */,
				F472756E1F53FA330069322F /* NBBSingleContentShowViewCell.m in Sources */,
				F41073BB1F4FFFA9005BD980 /* UIView+FrameAdditions.m in Sources */,
				F41073CD1F502F83005BD980 /* UILabel+Additions.m in Sources */,
				F4D5ABF61F344D5A00534637 /* HomeTableViewCell.m in Sources */,
				F47275751F53FA330069322F /* NBBSingleContentShowView.m in Sources */,
				F456E20B1F1745F200044F5C /* MainTabBarController.m in Sources */,
				F4B36BC41FFDD4B40053DEEF /* RuralSearchViewController.m in Sources */,
				F4B36BF11FFDD6630053DEEF /* EmptyView.m in Sources */,
				F41073BA1F4FFFA9005BD980 /* UIView+Additions.m in Sources */,
				F47791ED1FFC6C54002E24D4 /* UIImage+Tool.m in Sources */,
				F47FB7901F56BD3900D1C350 /* ListView.m in Sources */,
				F4B36BC51FFDD4B40053DEEF /* RuralThemeViewController.m in Sources */,
				F42444721F189F1F00F59E21 /* HomeViewController.m in Sources */,
				F4B36BC11FFDD4B40053DEEF /* RurakThemeTableViewCell.m in Sources */,
			);
			runOnlyForDeploymentPostprocessing = 0;
		};
		F442E8851F15AD3200FDEEEF /* Sources */ = {
			isa = PBXSourcesBuildPhase;
			buildActionMask = 2147483647;
			files = (
				F442E88E1F15AD3200FDEEEF /* MyDemoUITests.m in Sources */,
			);
			runOnlyForDeploymentPostprocessing = 0;
		};
/* End PBXSourcesBuildPhase section */

/* Begin PBXTargetDependency section */
		F442E88B1F15AD3200FDEEEF /* PBXTargetDependency */ = {
			isa = PBXTargetDependency;
			target = F442E86F1F15AD3200FDEEEF /* MyDemo */;
			targetProxy = F442E88A1F15AD3200FDEEEF /* PBXContainerItemProxy */;
		};
/* End PBXTargetDependency section */

/* Begin PBXVariantGroup section */
		F442E8811F15AD3200FDEEEF /* LaunchScreen.storyboard */ = {
			isa = PBXVariantGroup;
			children = (
				F442E8821F15AD3200FDEEEF /* Base */,
			);
			name = LaunchScreen.storyboard;
			sourceTree = "<group>";
		};
/* End PBXVariantGroup section */

/* Begin XCBuildConfiguration section */
		F442E8901F15AD3200FDEEEF /* Debug */ = {
			isa = XCBuildConfiguration;
			buildSettings = {
				ALWAYS_SEARCH_USER_PATHS = NO;
				CLANG_ANALYZER_NONNULL = YES;
				CLANG_ANALYZER_NUMBER_OBJECT_CONVERSION = YES_AGGRESSIVE;
				CLANG_CXX_LANGUAGE_STANDARD = "gnu++0x";
				CLANG_CXX_LIBRARY = "libc++";
				CLANG_ENABLE_MODULES = YES;
				CLANG_ENABLE_OBJC_ARC = YES;
				CLANG_WARN_BOOL_CONVERSION = YES;
				CLANG_WARN_CONSTANT_CONVERSION = YES;
				CLANG_WARN_DIRECT_OBJC_ISA_USAGE = YES_ERROR;
				CLANG_WARN_DOCUMENTATION_COMMENTS = YES;
				CLANG_WARN_EMPTY_BODY = YES;
				CLANG_WARN_ENUM_CONVERSION = YES;
				CLANG_WARN_INFINITE_RECURSION = YES;
				CLANG_WARN_INT_CONVERSION = YES;
				CLANG_WARN_OBJC_ROOT_CLASS = YES_ERROR;
				CLANG_WARN_SUSPICIOUS_MOVE = YES;
				CLANG_WARN_UNREACHABLE_CODE = YES;
				CLANG_WARN__DUPLICATE_METHOD_MATCH = YES;
				"CODE_SIGN_IDENTITY[sdk=iphoneos*]" = "iPhone Developer";
				COPY_PHASE_STRIP = NO;
				DEBUG_INFORMATION_FORMAT = dwarf;
				ENABLE_STRICT_OBJC_MSGSEND = YES;
				ENABLE_TESTABILITY = YES;
				GCC_C_LANGUAGE_STANDARD = gnu99;
				GCC_DYNAMIC_NO_PIC = NO;
				GCC_NO_COMMON_BLOCKS = YES;
				GCC_OPTIMIZATION_LEVEL = 0;
				GCC_PREPROCESSOR_DEFINITIONS = (
					"DEBUG=1",
					"$(inherited)",
				);
				GCC_WARN_64_TO_32_BIT_CONVERSION = YES;
				GCC_WARN_ABOUT_RETURN_TYPE = YES_ERROR;
				GCC_WARN_UNDECLARED_SELECTOR = YES;
				GCC_WARN_UNINITIALIZED_AUTOS = YES_AGGRESSIVE;
				GCC_WARN_UNUSED_FUNCTION = YES;
				GCC_WARN_UNUSED_VARIABLE = YES;
				IPHONEOS_DEPLOYMENT_TARGET = 10.3;
				MTL_ENABLE_DEBUG_INFO = YES;
				ONLY_ACTIVE_ARCH = YES;
				SDKROOT = iphoneos;
			};
			name = Debug;
		};
		F442E8911F15AD3200FDEEEF /* Release */ = {
			isa = XCBuildConfiguration;
			buildSettings = {
				ALWAYS_SEARCH_USER_PATHS = NO;
				CLANG_ANALYZER_NONNULL = YES;
				CLANG_ANALYZER_NUMBER_OBJECT_CONVERSION = YES_AGGRESSIVE;
				CLANG_CXX_LANGUAGE_STANDARD = "gnu++0x";
				CLANG_CXX_LIBRARY = "libc++";
				CLANG_ENABLE_MODULES = YES;
				CLANG_ENABLE_OBJC_ARC = YES;
				CLANG_WARN_BOOL_CONVERSION = YES;
				CLANG_WARN_CONSTANT_CONVERSION = YES;
				CLANG_WARN_DIRECT_OBJC_ISA_USAGE = YES_ERROR;
				CLANG_WARN_DOCUMENTATION_COMMENTS = YES;
				CLANG_WARN_EMPTY_BODY = YES;
				CLANG_WARN_ENUM_CONVERSION = YES;
				CLANG_WARN_INFINITE_RECURSION = YES;
				CLANG_WARN_INT_CONVERSION = YES;
				CLANG_WARN_OBJC_ROOT_CLASS = YES_ERROR;
				CLANG_WARN_SUSPICIOUS_MOVE = YES;
				CLANG_WARN_UNREACHABLE_CODE = YES;
				CLANG_WARN__DUPLICATE_METHOD_MATCH = YES;
				"CODE_SIGN_IDENTITY[sdk=iphoneos*]" = "iPhone Developer";
				COPY_PHASE_STRIP = NO;
				DEBUG_INFORMATION_FORMAT = "dwarf-with-dsym";
				ENABLE_NS_ASSERTIONS = NO;
				ENABLE_STRICT_OBJC_MSGSEND = YES;
				GCC_C_LANGUAGE_STANDARD = gnu99;
				GCC_NO_COMMON_BLOCKS = YES;
				GCC_WARN_64_TO_32_BIT_CONVERSION = YES;
				GCC_WARN_ABOUT_RETURN_TYPE = YES_ERROR;
				GCC_WARN_UNDECLARED_SELECTOR = YES;
				GCC_WARN_UNINITIALIZED_AUTOS = YES_AGGRESSIVE;
				GCC_WARN_UNUSED_FUNCTION = YES;
				GCC_WARN_UNUSED_VARIABLE = YES;
				IPHONEOS_DEPLOYMENT_TARGET = 10.3;
				MTL_ENABLE_DEBUG_INFO = NO;
				SDKROOT = iphoneos;
				VALIDATE_PRODUCT = YES;
			};
			name = Release;
		};
		F442E8931F15AD3200FDEEEF /* Debug */ = {
			isa = XCBuildConfiguration;
			baseConfigurationReference = E54C38903093689B8568A7AC /* Pods-MyDemo.debug.xcconfig */;
			buildSettings = {
				ASSETCATALOG_COMPILER_APPICON_NAME = AppIcon;
				DEVELOPMENT_TEAM = MN57L5YG33;
				GCC_PREFIX_HEADER = MyDemo/Demo.pch;
				INFOPLIST_FILE = MyDemo/Info.plist;
				IPHONEOS_DEPLOYMENT_TARGET = 8.0;
				LD_RUNPATH_SEARCH_PATHS = "$(inherited) @executable_path/Frameworks";
				PRODUCT_BUNDLE_IDENTIFIER = qingpengwang.MyDemo;
				PRODUCT_NAME = "$(TARGET_NAME)";
			};
			name = Debug;
		};
		F442E8941F15AD3200FDEEEF /* Release */ = {
			isa = XCBuildConfiguration;
			baseConfigurationReference = 106F02F5E6C702422AA4B906 /* Pods-MyDemo.release.xcconfig */;
			buildSettings = {
				ASSETCATALOG_COMPILER_APPICON_NAME = AppIcon;
				DEVELOPMENT_TEAM = MN57L5YG33;
				GCC_PREFIX_HEADER = MyDemo/Demo.pch;
				INFOPLIST_FILE = MyDemo/Info.plist;
				IPHONEOS_DEPLOYMENT_TARGET = 8.0;
				LD_RUNPATH_SEARCH_PATHS = "$(inherited) @executable_path/Frameworks";
				PRODUCT_BUNDLE_IDENTIFIER = qingpengwang.MyDemo;
				PRODUCT_NAME = "$(TARGET_NAME)";
			};
			name = Release;
		};
		F442E8961F15AD3200FDEEEF /* Debug */ = {
			isa = XCBuildConfiguration;
			baseConfigurationReference = 01FFB40D96A93C555F3F2B07 /* Pods-MyDemoUITests.debug.xcconfig */;
			buildSettings = {
				DEVELOPMENT_TEAM = MN57L5YG33;
				INFOPLIST_FILE = MyDemoUITests/Info.plist;
				LD_RUNPATH_SEARCH_PATHS = "$(inherited) @executable_path/Frameworks @loader_path/Frameworks";
				PRODUCT_BUNDLE_IDENTIFIER = qingpengwang.MyDemoUITests;
				PRODUCT_NAME = "$(TARGET_NAME)";
				TEST_TARGET_NAME = MyDemo;
			};
			name = Debug;
		};
		F442E8971F15AD3200FDEEEF /* Release */ = {
			isa = XCBuildConfiguration;
			baseConfigurationReference = 2B8714883850CFD732D5F28B /* Pods-MyDemoUITests.release.xcconfig */;
			buildSettings = {
				DEVELOPMENT_TEAM = MN57L5YG33;
				INFOPLIST_FILE = MyDemoUITests/Info.plist;
				LD_RUNPATH_SEARCH_PATHS = "$(inherited) @executable_path/Frameworks @loader_path/Frameworks";
				PRODUCT_BUNDLE_IDENTIFIER = qingpengwang.MyDemoUITests;
				PRODUCT_NAME = "$(TARGET_NAME)";
				TEST_TARGET_NAME = MyDemo;
			};
			name = Release;
		};
/* End XCBuildConfiguration section */

/* Begin XCConfigurationList section */
		F442E86B1F15AD3100FDEEEF /* Build configuration list for PBXProject "MyDemo" */ = {
			isa = XCConfigurationList;
			buildConfigurations = (
				F442E8901F15AD3200FDEEEF /* Debug */,
				F442E8911F15AD3200FDEEEF /* Release */,
			);
			defaultConfigurationIsVisible = 0;
			defaultConfigurationName = Release;
		};
		F442E8921F15AD3200FDEEEF /* Build configuration list for PBXNativeTarget "MyDemo" */ = {
			isa = XCConfigurationList;
			buildConfigurations = (
				F442E8931F15AD3200FDEEEF /* Debug */,
				F442E8941F15AD3200FDEEEF /* Release */,
			);
			defaultConfigurationIsVisible = 0;
			defaultConfigurationName = Release;
		};
		F442E8951F15AD3200FDEEEF /* Build configuration list for PBXNativeTarget "MyDemoUITests" */ = {
			isa = XCConfigurationList;
			buildConfigurations = (
				F442E8961F15AD3200FDEEEF /* Debug */,
				F442E8971F15AD3200FDEEEF /* Release */,
			);
			defaultConfigurationIsVisible = 0;
			defaultConfigurationName = Release;
		};
/* End XCConfigurationList section */
	};
	rootObject = F442E8681F15AD3100FDEEEF /* Project object */;
}
